PODS:
  - Alamofire (5.0.0-rc.3)
  - YoutubePlayer-in-WKWebView (0.2.5)

DEPENDENCIES:
  - Alamofire (~> 5.0.0-rc.3)
  - YoutubePlayer-in-WKWebView (~> 0.2.0)

SPEC REPOS:
  trunk:
    - Alamofire
    - YoutubePlayer-in-WKWebView

SPEC CHECKSUMS:
  Alamofire: ca8c0de6906873be89d6deec5c8de279e00bf872
  YoutubePlayer-in-WKWebView: 4dad12b3ece938a6456fa4374df78942f88b485a

PODFILE CHECKSUM: ad6ef3463b7c50cad7ab37f2e9f47f819b9c3762

COCOAPODS: 1.8.4
