// !$*UTF8*$!
{
	archiveVersion = 1;
	classes = {
	};
	objectVersion = 51;
	objects = {

/* Begin PBXBuildFile section */
		8528917622F9A22600A7CEA7 /* TextViewController.swift in Sources */ = {isa = PBXBuildFile; fileRef = 8528917522F9A22600A7CEA7 /* TextViewController.swift */; };
		856AADA623E6F93300376A4C /* ConnectionWarningViewController.swift in Sources */ = {isa = PBXBuildFile; fileRef = 856AADA523E6F93300376A4C /* ConnectionWarningViewController.swift */; };
		856F348B22F87EDD00E97C0C /* SettingsConfigurator.swift in Sources */ = {isa = PBXBuildFile; fileRef = 856F348A22F87EDD00E97C0C /* SettingsConfigurator.swift */; };
		856F348D22F87EF100E97C0C /* SettingsPresenter.swift in Sources */ = {isa = PBXBuildFile; fileRef = 856F348C22F87EF100E97C0C /* SettingsPresenter.swift */; };
		856F348F22F87F0400E97C0C /* SettingsInteractor.swift in Sources */ = {isa = PBXBuildFile; fileRef = 856F348E22F87F0400E97C0C /* SettingsInteractor.swift */; };
		856F349122F87F1800E97C0C /* SettingsRouter.swift in Sources */ = {isa = PBXBuildFile; fileRef = 856F349022F87F1800E97C0C /* SettingsRouter.swift */; };
		856F349422F87F5800E97C0C /* SettingsViewController.swift in Sources */ = {isa = PBXBuildFile; fileRef = 856F349322F87F5800E97C0C /* SettingsViewController.swift */; };
		856F349622F87F8900E97C0C /* SettingsView.swift in Sources */ = {isa = PBXBuildFile; fileRef = 856F349522F87F8900E97C0C /* SettingsView.swift */; };
		85CEBBC123EC33DD00B6E2C4 /* Tolag'ai.mp3 in Resources */ = {isa = PBXBuildFile; fileRef = 85CEBBBF23EC33DD00B6E2C4 /* Tolag'ai.mp3 */; };
		85CEBBC223EC33DD00B6E2C4 /* G'ajap qus.mp3 in Resources */ = {isa = PBXBuildFile; fileRef = 85CEBBC023EC33DD00B6E2C4 /* G'ajap qus.mp3 */; };
		B916B09122FBDC3400AF255A /* GameOverState.swift in Sources */ = {isa = PBXBuildFile; fileRef = B916B08C22FBDC3400AF255A /* GameOverState.swift */; };
		B916B09222FBDC3400AF255A /* TutorialState.swift in Sources */ = {isa = PBXBuildFile; fileRef = B916B08D22FBDC3400AF255A /* TutorialState.swift */; };
		B916B09322FBDC3400AF255A /* MainMenuState.swift in Sources */ = {isa = PBXBuildFile; fileRef = B916B08E22FBDC3400AF255A /* MainMenuState.swift */; };
		B916B09422FBDC3400AF255A /* FallingState.swift in Sources */ = {isa = PBXBuildFile; fileRef = B916B08F22FBDC3400AF255A /* FallingState.swift */; };
		B916B09522FBDC3400AF255A /* PlayingState.swift in Sources */ = {isa = PBXBuildFile; fileRef = B916B09022FBDC3400AF255A /* PlayingState.swift */; };
		B916B09F22FBDC5400AF255A /* SpriteComponent.swift in Sources */ = {isa = PBXBuildFile; fileRef = B916B09C22FBDC5400AF255A /* SpriteComponent.swift */; };
		B916B0A022FBDC5400AF255A /* AnimationComponent.swift in Sources */ = {isa = PBXBuildFile; fileRef = B916B09D22FBDC5400AF255A /* AnimationComponent.swift */; };
		B916B0A122FBDC5400AF255A /* MovementComponent.swift in Sources */ = {isa = PBXBuildFile; fileRef = B916B09E22FBDC5400AF255A /* MovementComponent.swift */; };
		B916B0CD22FBDCA000AF255A /* GameScene.swift in Sources */ = {isa = PBXBuildFile; fileRef = B916B0CB22FBDCA000AF255A /* GameScene.swift */; };
		B916B0CE22FBDCA000AF255A /* GameViewController.swift in Sources */ = {isa = PBXBuildFile; fileRef = B916B0CC22FBDCA000AF255A /* GameViewController.swift */; };
		B9E2CE2922FBDF2F006B5697 /* SKUtils.swift in Sources */ = {isa = PBXBuildFile; fileRef = B9E2CE1522FBDF2F006B5697 /* SKUtils.swift */; };
		B9E2CE3522FBDF2F006B5697 /* hitGround.wav in Resources */ = {isa = PBXBuildFile; fileRef = B9E2CE2222FBDF2F006B5697 /* hitGround.wav */; };
		B9E2CE3722FBDF2F006B5697 /* flapping.wav in Resources */ = {isa = PBXBuildFile; fileRef = B9E2CE2422FBDF2F006B5697 /* flapping.wav */; };
		B9E2CE3822FBDF2F006B5697 /* falling.wav in Resources */ = {isa = PBXBuildFile; fileRef = B9E2CE2522FBDF2F006B5697 /* falling.wav */; };
		B9E2CE3922FBDF2F006B5697 /* coin.wav in Resources */ = {isa = PBXBuildFile; fileRef = B9E2CE2622FBDF2F006B5697 /* coin.wav */; };
		B9E2CE3B22FBDF2F006B5697 /* ding.wav in Resources */ = {isa = PBXBuildFile; fileRef = B9E2CE2822FBDF2F006B5697 /* ding.wav */; };
		D10221DC22ECD2B40081C95E /* CanvasView.swift in Sources */ = {isa = PBXBuildFile; fileRef = D10221DB22ECD2B40081C95E /* CanvasView.swift */; };
		D102930822F1A13500C7B2F2 /* QuizViewController.swift in Sources */ = {isa = PBXBuildFile; fileRef = D102930722F1A13500C7B2F2 /* QuizViewController.swift */; };
		D102930A22F1A14000C7B2F2 /* QuizView.swift in Sources */ = {isa = PBXBuildFile; fileRef = D102930922F1A14000C7B2F2 /* QuizView.swift */; };
		D102930D22F1AD6200C7B2F2 /* QuizPresenter.swift in Sources */ = {isa = PBXBuildFile; fileRef = D102930C22F1AD6200C7B2F2 /* QuizPresenter.swift */; };
		D102930F22F1AE0200C7B2F2 /* QuizInteractor.swift in Sources */ = {isa = PBXBuildFile; fileRef = D102930E22F1AE0200C7B2F2 /* QuizInteractor.swift */; };
		D102931122F1AE1100C7B2F2 /* QuizRouter.swift in Sources */ = {isa = PBXBuildFile; fileRef = D102931022F1AE1100C7B2F2 /* QuizRouter.swift */; };
		D102931322F1AF1C00C7B2F2 /* QuizConfigurator.swift in Sources */ = {isa = PBXBuildFile; fileRef = D102931222F1AF1C00C7B2F2 /* QuizConfigurator.swift */; };
		D1058076235C0E7F00082DA3 /* BeineViewController.swift in Sources */ = {isa = PBXBuildFile; fileRef = D1058075235C0E7F00082DA3 /* BeineViewController.swift */; };
		D10687CA22AE68BC00A3E6E0 /* MenuConfigurator.swift in Sources */ = {isa = PBXBuildFile; fileRef = D10687C922AE68BC00A3E6E0 /* MenuConfigurator.swift */; };
		D10687CD22AE68E300A3E6E0 /* MenuViewController.swift in Sources */ = {isa = PBXBuildFile; fileRef = D10687CC22AE68E300A3E6E0 /* MenuViewController.swift */; };
		D10687CF22AE68EE00A3E6E0 /* MenuView.swift in Sources */ = {isa = PBXBuildFile; fileRef = D10687CE22AE68EE00A3E6E0 /* MenuView.swift */; };
		D10687D122AE68FA00A3E6E0 /* MenuPresenter.swift in Sources */ = {isa = PBXBuildFile; fileRef = D10687D022AE68FA00A3E6E0 /* MenuPresenter.swift */; };
		D10687D622AE691B00A3E6E0 /* MenuRouter.swift in Sources */ = {isa = PBXBuildFile; fileRef = D10687D522AE691B00A3E6E0 /* MenuRouter.swift */; };
		D10729F5228767D9003149E8 /* PlaylistViewController.swift in Sources */ = {isa = PBXBuildFile; fileRef = D10729F4228767D9003149E8 /* PlaylistViewController.swift */; };
		D10729F722876879003149E8 /* PlaylistView.swift in Sources */ = {isa = PBXBuildFile; fileRef = D10729F622876879003149E8 /* PlaylistView.swift */; };
		D10729FB22877D3B003149E8 /* PlaylistConfigurator.swift in Sources */ = {isa = PBXBuildFile; fileRef = D10729FA22877D3B003149E8 /* PlaylistConfigurator.swift */; };
		D10729FD22877D48003149E8 /* PlaylistPresenter.swift in Sources */ = {isa = PBXBuildFile; fileRef = D10729FC22877D48003149E8 /* PlaylistPresenter.swift */; };
		D10729FF22877D5C003149E8 /* PlaylistInteractor.swift in Sources */ = {isa = PBXBuildFile; fileRef = D10729FE22877D5C003149E8 /* PlaylistInteractor.swift */; };
		D1072A0122877DD2003149E8 /* PlaylistRouter.swift in Sources */ = {isa = PBXBuildFile; fileRef = D1072A0022877DD2003149E8 /* PlaylistRouter.swift */; };
		D107786B22858CEC00D869D3 /* Animator.swift in Sources */ = {isa = PBXBuildFile; fileRef = D107786A22858CEC00D869D3 /* Animator.swift */; };
		D11A59BE23043F8C00D68CEF /* whack.wav in Resources */ = {isa = PBXBuildFile; fileRef = B9E2CE2322FBDF2F006B5697 /* whack.wav */; };
		D12ACAB323F158360061EF06 /* Pods_Qulynym.framework in Frameworks */ = {isa = PBXBuildFile; fileRef = E031261186D933A33C7C5772 /* Pods_Qulynym.framework */; };
		D12ACAB423F158360061EF06 /* Pods_Qulynym.framework in Embed Frameworks */ = {isa = PBXBuildFile; fileRef = E031261186D933A33C7C5772 /* Pods_Qulynym.framework */; settings = {ATTRIBUTES = (CodeSignOnCopy, RemoveHeadersOnCopy, ); }; };
		D135E2A422A02F7B00DC84DE /* PlaylistItemViewController.swift in Sources */ = {isa = PBXBuildFile; fileRef = D135E2A322A02F7B00DC84DE /* PlaylistItemViewController.swift */; };
		D135E2A722A02F9800DC84DE /* PlaylistItemView.swift in Sources */ = {isa = PBXBuildFile; fileRef = D135E2A622A02F9800DC84DE /* PlaylistItemView.swift */; };
		D135E2AB22A02FBC00DC84DE /* PlaylistItemConfigurator.swift in Sources */ = {isa = PBXBuildFile; fileRef = D135E2AA22A02FBC00DC84DE /* PlaylistItemConfigurator.swift */; };
		D135E2AF22A02FD900DC84DE /* PlaylistItemRouter.swift in Sources */ = {isa = PBXBuildFile; fileRef = D135E2AE22A02FD900DC84DE /* PlaylistItemRouter.swift */; };
		D1383F8E22AFCD42007815DF /* ImageCollectionViewCell.swift in Sources */ = {isa = PBXBuildFile; fileRef = D1383F8D22AFCD42007815DF /* ImageCollectionViewCell.swift */; };
		D13C1B262310250000A5D8DA /* Qulynym.xcdatamodel in Sources */ = {isa = PBXBuildFile; fileRef = D13C1B252310250000A5D8DA /* Qulynym.xcdatamodel */; };
		D13D864D2217FEDF0048A6E4 /* AppDelegate.swift in Sources */ = {isa = PBXBuildFile; fileRef = D13D864C2217FEDF0048A6E4 /* AppDelegate.swift */; };
		D13D864F2217FEDF0048A6E4 /* ItemViewController.swift in Sources */ = {isa = PBXBuildFile; fileRef = D13D864E2217FEDF0048A6E4 /* ItemViewController.swift */; };
		D13D86572217FEDF0048A6E4 /* Assets.xcassets in Resources */ = {isa = PBXBuildFile; fileRef = D13D86562217FEDF0048A6E4 /* Assets.xcassets */; };
		D13D865A2217FEDF0048A6E4 /* LaunchScreen.storyboard in Resources */ = {isa = PBXBuildFile; fileRef = D13D86582217FEDF0048A6E4 /* LaunchScreen.storyboard */; };
		D13D867E22180E430048A6E4 /* PersistentService.swift in Sources */ = {isa = PBXBuildFile; fileRef = D13D867D22180E430048A6E4 /* PersistentService.swift */; };
		D146AB2F22E77EB2004520DA /* backgroundAudio.mp3 in Resources */ = {isa = PBXBuildFile; fileRef = D146AB2E22E77EB2004520DA /* backgroundAudio.mp3 */; };
		D14D536822213769007ACD55 /* ItemPresenter.swift in Sources */ = {isa = PBXBuildFile; fileRef = D14D536722213769007ACD55 /* ItemPresenter.swift */; };
		D14D536A22213775007ACD55 /* ItemConfigurator.swift in Sources */ = {isa = PBXBuildFile; fileRef = D14D536922213775007ACD55 /* ItemConfigurator.swift */; };
		D14D536E222137B2007ACD55 /* ItemInteractor.swift in Sources */ = {isa = PBXBuildFile; fileRef = D14D536D222137B2007ACD55 /* ItemInteractor.swift */; };
		D14D53702221380F007ACD55 /* ItemView.swift in Sources */ = {isa = PBXBuildFile; fileRef = D14D536F2221380F007ACD55 /* ItemView.swift */; };
		D14D537222214853007ACD55 /* ItemRouter.swift in Sources */ = {isa = PBXBuildFile; fileRef = D14D537122214853007ACD55 /* ItemRouter.swift */; };
		D14D53752221A294007ACD55 /* ContentService.swift in Sources */ = {isa = PBXBuildFile; fileRef = D14D53742221A294007ACD55 /* ContentService.swift */; };
		D14D53792221B185007ACD55 /* AudioPlayer.swift in Sources */ = {isa = PBXBuildFile; fileRef = D14D53782221B185007ACD55 /* AudioPlayer.swift */; };
		D15318CB2326376D0035EE05 /* bubbles.mp3 in Resources */ = {isa = PBXBuildFile; fileRef = D15318C82326376D0035EE05 /* bubbles.mp3 */; };
		D15318CC2326376D0035EE05 /* ending.mp3 in Resources */ = {isa = PBXBuildFile; fileRef = D15318C92326376D0035EE05 /* ending.mp3 */; };
		D15318CD2326376D0035EE05 /* bloop.mp3 in Resources */ = {isa = PBXBuildFile; fileRef = D15318CA2326376D0035EE05 /* bloop.mp3 */; };
		D1621EC2235E257500FF2537 /* Asyl áje.mp3 in Resources */ = {isa = PBXBuildFile; fileRef = D1621EBE235E257400FF2537 /* Asyl áje.mp3 */; };
		D1621EC3235E257500FF2537 /* Bіr bala.mp3 in Resources */ = {isa = PBXBuildFile; fileRef = D1621EBF235E257500FF2537 /* Bіr bala.mp3 */; };
		D1621EC4235E257500FF2537 /* Ertegіler álemі.mp3 in Resources */ = {isa = PBXBuildFile; fileRef = D1621EC0235E257500FF2537 /* Ertegіler álemі.mp3 */; };
		D1621EC5235E257500FF2537 /* Sarjaılay'.mp3 in Resources */ = {isa = PBXBuildFile; fileRef = D1621EC1235E257500FF2537 /* Sarjaılay'.mp3 */; };
		D171887C23E6EF4C006FAB72 /* DataFetchAPI.swift in Sources */ = {isa = PBXBuildFile; fileRef = D171887B23E6EF4C006FAB72 /* DataFetchAPI.swift */; };
		D18E30BD2325566500C0E012 /* Aigo'lek.mp3 in Resources */ = {isa = PBXBuildFile; fileRef = D18E30BB2325566400C0E012 /* Aigo'lek.mp3 */; };
		D18E30BE2325566500C0E012 /* Qoshaqanym.mp3 in Resources */ = {isa = PBXBuildFile; fileRef = D18E30BC2325566500C0E012 /* Qoshaqanym.mp3 */; };
		D18E30C02325566C00C0E012 /* Bauyrsaq Ertegi.mp3 in Resources */ = {isa = PBXBuildFile; fileRef = D18E30BF2325566C00C0E012 /* Bauyrsaq Ertegi.mp3 */; };
		D19245172284DC2800ABD1BD /* Timer.swift in Sources */ = {isa = PBXBuildFile; fileRef = D19245162284DC2800ABD1BD /* Timer.swift */; };
		D19D32E123EF06EC00DC533B /* CustomImageView.swift in Sources */ = {isa = PBXBuildFile; fileRef = D19D32E023EF06EC00DC533B /* CustomImageView.swift */; };
		D19D36E5222BAEEC005188D0 /* Extensions.swift in Sources */ = {isa = PBXBuildFile; fileRef = D19D36E4222BAEEC005188D0 /* Extensions.swift */; };
		D1A7913522F82690005BF325 /* DrawingsCollectionView.swift in Sources */ = {isa = PBXBuildFile; fileRef = D1A7913422F82690005BF325 /* DrawingsCollectionView.swift */; };
		D1C69D1222F631DD003D0D05 /* PlaylistItemPresenter.swift in Sources */ = {isa = PBXBuildFile; fileRef = D1C69D1122F631DD003D0D05 /* PlaylistItemPresenter.swift */; };
		D1C69D1422F631E9003D0D05 /* PlaylistItemInteractor.swift in Sources */ = {isa = PBXBuildFile; fileRef = D1C69D1322F631E9003D0D05 /* PlaylistItemInteractor.swift */; };
		D1D5599222A82FED001674A7 /* Emitters.swift in Sources */ = {isa = PBXBuildFile; fileRef = D1D5599122A82FED001674A7 /* Emitters.swift */; };
		D1D5BC2323017E0300FB3922 /* PlayerEntity.swift in Sources */ = {isa = PBXBuildFile; fileRef = D1D5BC2223017E0300FB3922 /* PlayerEntity.swift */; };
		D1D5BC2523017E2800FB3922 /* ObstacleEntity.swift in Sources */ = {isa = PBXBuildFile; fileRef = D1D5BC2423017E2800FB3922 /* ObstacleEntity.swift */; };
		D1D8CE312326688100531F3F /* helloMessageAruzhan.mp3 in Resources */ = {isa = PBXBuildFile; fileRef = D1D8CE2A2326688100531F3F /* helloMessageAruzhan.mp3 */; };
		D1D8CE322326688100531F3F /* studyMessageDaulet.mp3 in Resources */ = {isa = PBXBuildFile; fileRef = D1D8CE2B2326688100531F3F /* studyMessageDaulet.mp3 */; };
		D1D8CE332326688100531F3F /* songsMessage.mp3 in Resources */ = {isa = PBXBuildFile; fileRef = D1D8CE2C2326688100531F3F /* songsMessage.mp3 */; };
		D1D8CE342326688100531F3F /* helloMessageDaulet.mp3 in Resources */ = {isa = PBXBuildFile; fileRef = D1D8CE2D2326688100531F3F /* helloMessageDaulet.mp3 */; };
		D1D8CE352326688100531F3F /* gamesMessage.mp3 in Resources */ = {isa = PBXBuildFile; fileRef = D1D8CE2E2326688100531F3F /* gamesMessage.mp3 */; };
		D1D8CE362326688100531F3F /* StoriesMessage.mp3 in Resources */ = {isa = PBXBuildFile; fileRef = D1D8CE2F2326688100531F3F /* StoriesMessage.mp3 */; };
		D1D8CE372326688100531F3F /* studyMessageAruzhan.mp3 in Resources */ = {isa = PBXBuildFile; fileRef = D1D8CE302326688100531F3F /* studyMessageAruzhan.mp3 */; };
		D1D8CED12326720B00531F3F /* Sıyr.mp3 in Resources */ = {isa = PBXBuildFile; fileRef = D1D8CEBC2326720A00531F3F /* Sıyr.mp3 */; };
		D1D8CED22326720B00531F3F /* Mysyq.mp3 in Resources */ = {isa = PBXBuildFile; fileRef = D1D8CEBD2326720A00531F3F /* Mysyq.mp3 */; };
		D1D8CED32326720B00531F3F /* U'ki.mp3 in Resources */ = {isa = PBXBuildFile; fileRef = D1D8CEBE2326720A00531F3F /* U'ki.mp3 */; };
		D1D8CED42326720B00531F3F /* Tıіn.mp3 in Resources */ = {isa = PBXBuildFile; fileRef = D1D8CEBF2326720A00531F3F /* Tıіn.mp3 */; };
		D1D8CED52326720B00531F3F /* Bu'rkit.mp3 in Resources */ = {isa = PBXBuildFile; fileRef = D1D8CEC02326720A00531F3F /* Bu'rkit.mp3 */; };
		D1D8CED62326720B00531F3F /* ZhanuarlarQ.mp3 in Resources */ = {isa = PBXBuildFile; fileRef = D1D8CEC12326720A00531F3F /* ZhanuarlarQ.mp3 */; };
		D1D8CED72326720B00531F3F /* Esek.mp3 in Resources */ = {isa = PBXBuildFile; fileRef = D1D8CEC22326720A00531F3F /* Esek.mp3 */; };
		D1D8CED82326720B00531F3F /* Shoshqa.mp3 in Resources */ = {isa = PBXBuildFile; fileRef = D1D8CEC32326720A00531F3F /* Shoshqa.mp3 */; };
		D1D8CED92326720B00531F3F /* Aiy'.mp3 in Resources */ = {isa = PBXBuildFile; fileRef = D1D8CEC42326720A00531F3F /* Aiy'.mp3 */; };
		D1D8CEDA2326720B00531F3F /* It.mp3 in Resources */ = {isa = PBXBuildFile; fileRef = D1D8CEC52326720A00531F3F /* It.mp3 */; };
		D1D8CEDB2326720B00531F3F /* Qoıan.mp3 in Resources */ = {isa = PBXBuildFile; fileRef = D1D8CEC62326720A00531F3F /* Qoıan.mp3 */; };
		D1D8CEDC2326720B00531F3F /* Qumyrsqa.mp3 in Resources */ = {isa = PBXBuildFile; fileRef = D1D8CEC72326720A00531F3F /* Qumyrsqa.mp3 */; };
		D1D8CEDD2326720B00531F3F /* Ko'belek.mp3 in Resources */ = {isa = PBXBuildFile; fileRef = D1D8CEC82326720A00531F3F /* Ko'belek.mp3 */; };
		D1D8CEDE2326720B00531F3F /* Tu'lki.mp3 in Resources */ = {isa = PBXBuildFile; fileRef = D1D8CEC92326720A00531F3F /* Tu'lki.mp3 */; };
		D1D8CEDF2326720B00531F3F /* Qasqyr.mp3 in Resources */ = {isa = PBXBuildFile; fileRef = D1D8CECA2326720A00531F3F /* Qasqyr.mp3 */; };
		D1D8CEE02326720B00531F3F /* Arystan.mp3 in Resources */ = {isa = PBXBuildFile; fileRef = D1D8CECB2326720A00531F3F /* Arystan.mp3 */; };
		D1D8CEE12326720B00531F3F /* Qoı.mp3 in Resources */ = {isa = PBXBuildFile; fileRef = D1D8CECC2326720A00531F3F /* Qoı.mp3 */; };
		D1D8CEE22326720B00531F3F /* At.mp3 in Resources */ = {isa = PBXBuildFile; fileRef = D1D8CECD2326720A00531F3F /* At.mp3 */; };
		D1D8CEE32326720B00531F3F /* Barys.mp3 in Resources */ = {isa = PBXBuildFile; fileRef = D1D8CECE2326720A00531F3F /* Barys.mp3 */; };
		D1D8CEE42326720B00531F3F /* Pil.mp3 in Resources */ = {isa = PBXBuildFile; fileRef = D1D8CECF2326720A00531F3F /* Pil.mp3 */; };
		D1D8CEE52326720B00531F3F /* Torg'ai.mp3 in Resources */ = {isa = PBXBuildFile; fileRef = D1D8CED02326720A00531F3F /* Torg'ai.mp3 */; };
		D1D8CEE92326746200531F3F /* tryAgain.mp3 in Resources */ = {isa = PBXBuildFile; fileRef = D1D8CEE82326746200531F3F /* tryAgain.mp3 */; };
		D1D8CEF0232690AA00531F3F /* wellDone.mp3 in Resources */ = {isa = PBXBuildFile; fileRef = D1D8CEEF232690AA00531F3F /* wellDone.mp3 */; };
		D1D8CF072326A1AA00531F3F /* Almurt aǵashy.mp3 in Resources */ = {isa = PBXBuildFile; fileRef = D1D8CEF22326A1AA00531F3F /* Almurt aǵashy.mp3 */; };
		D1D8CF082326A1AA00531F3F /* Qaıyn'.mp3 in Resources */ = {isa = PBXBuildFile; fileRef = D1D8CEF32326A1AA00531F3F /* Qaıyn'.mp3 */; };
		D1D8CF092326A1AA00531F3F /* Mu'kjıdek.mp3 in Resources */ = {isa = PBXBuildFile; fileRef = D1D8CEF42326A1AA00531F3F /* Mu'kjıdek.mp3 */; };
		D1D8CF0A2326A1AA00531F3F /* Qon'yray'gu'l.mp3 in Resources */ = {isa = PBXBuildFile; fileRef = D1D8CEF52326A1AA00531F3F /* Qon'yray'gu'l.mp3 */; };
		D1D8CF0B2326A1AA00531F3F /* Qyzg'aldaq.mp3 in Resources */ = {isa = PBXBuildFile; fileRef = D1D8CEF62326A1AA00531F3F /* Qyzg'aldaq.mp3 */; };
		D1D8CF0C2326A1AA00531F3F /* Qarag'aı.mp3 in Resources */ = {isa = PBXBuildFile; fileRef = D1D8CEF72326A1AA00531F3F /* Qarag'aı.mp3 */; };
		D1D8CF0D2326A1AA00531F3F /* Kakty's.mp3 in Resources */ = {isa = PBXBuildFile; fileRef = D1D8CEF82326A1AA00531F3F /* Kakty's.mp3 */; };
		D1D8CF0E2326A1AA00531F3F /* Tu'ımedaq.mp3 in Resources */ = {isa = PBXBuildFile; fileRef = D1D8CEF92326A1AA00531F3F /* Tu'ımedaq.mp3 */; };
		D1D8CF0F2326A1AA00531F3F /* Ray'shan.mp3 in Resources */ = {isa = PBXBuildFile; fileRef = D1D8CEFA2326A1AA00531F3F /* Ray'shan.mp3 */; };
		D1D8CF102326A1AA00531F3F /* Sheten.mp3 in Resources */ = {isa = PBXBuildFile; fileRef = D1D8CEFB2326A1AA00531F3F /* Sheten.mp3 */; };
		D1D8CF112326A1AA00531F3F /* Baqbaq.mp3 in Resources */ = {isa = PBXBuildFile; fileRef = D1D8CEFC2326A1AA00531F3F /* Baqbaq.mp3 */; };
		D1D8CF122326A1AA00531F3F /* Tan'qy'raı.mp3 in Resources */ = {isa = PBXBuildFile; fileRef = D1D8CEFD2326A1AA00531F3F /* Tan'qy'raı.mp3 */; };
		D1D8CF132326A1AA00531F3F /* Bo'rtegu'l.mp3 in Resources */ = {isa = PBXBuildFile; fileRef = D1D8CEFE2326A1AA00531F3F /* Bo'rtegu'l.mp3 */; };
		D1D8CF142326A1AA00531F3F /* Emen.mp3 in Resources */ = {isa = PBXBuildFile; fileRef = D1D8CEFF2326A1AA00531F3F /* Emen.mp3 */; };
		D1D8CF152326A1AA00531F3F /* Alma ag'ashy.mp3 in Resources */ = {isa = PBXBuildFile; fileRef = D1D8CF002326A1AA00531F3F /* Alma ag'ashy.mp3 */; };
		D1D8CF162326A1AA00531F3F /* Shegіrgu'l.mp3 in Resources */ = {isa = PBXBuildFile; fileRef = D1D8CF012326A1AA00531F3F /* Shegіrgu'l.mp3 */; };
		D1D8CF172326A1AA00531F3F /* Terek.mp3 in Resources */ = {isa = PBXBuildFile; fileRef = D1D8CF022326A1AA00531F3F /* Terek.mp3 */; };
		D1D8CF182326A1AA00531F3F /* O'simdikterQ.mp3 in Resources */ = {isa = PBXBuildFile; fileRef = D1D8CF032326A1AA00531F3F /* O'simdikterQ.mp3 */; };
		D1D8CF192326A1AA00531F3F /* Ko'kterek.mp3 in Resources */ = {isa = PBXBuildFile; fileRef = D1D8CF042326A1AA00531F3F /* Ko'kterek.mp3 */; };
		D1D8CF1A2326A1AA00531F3F /* Órіk ag'ashy.mp3 in Resources */ = {isa = PBXBuildFile; fileRef = D1D8CF052326A1AA00531F3F /* Órіk ag'ashy.mp3 */; };
		D1D8CF1B2326A1AA00531F3F /* Shyrsha.mp3 in Resources */ = {isa = PBXBuildFile; fileRef = D1D8CF062326A1AA00531F3F /* Shyrsha.mp3 */; };
		D1D8CF262326A68F00531F3F /* PishinderQ.mp3 in Resources */ = {isa = PBXBuildFile; fileRef = D1D8CF1D2326A68F00531F3F /* PishinderQ.mp3 */; };
		D1D8CF272326A68F00531F3F /* Zhuldyz.mp3 in Resources */ = {isa = PBXBuildFile; fileRef = D1D8CF1E2326A68F00531F3F /* Zhuldyz.mp3 */; };
		D1D8CF282326A68F00531F3F /* U'shburysh.mp3 in Resources */ = {isa = PBXBuildFile; fileRef = D1D8CF1F2326A68F00531F3F /* U'shburysh.mp3 */; };
		D1D8CF292326A68F00531F3F /* Romb.mp3 in Resources */ = {isa = PBXBuildFile; fileRef = D1D8CF202326A68F00531F3F /* Romb.mp3 */; };
		D1D8CF2A2326A68F00531F3F /* Sopaqsha.mp3 in Resources */ = {isa = PBXBuildFile; fileRef = D1D8CF212326A68F00531F3F /* Sopaqsha.mp3 */; };
		D1D8CF2B2326A68F00531F3F /* Zhu'rek.mp3 in Resources */ = {isa = PBXBuildFile; fileRef = D1D8CF222326A68F00531F3F /* Zhu'rek.mp3 */; };
		D1D8CF2C2326A68F00531F3F /* Sharshy.mp3 in Resources */ = {isa = PBXBuildFile; fileRef = D1D8CF232326A68F00531F3F /* Sharshy.mp3 */; };
		D1D8CF2D2326A68F00531F3F /* Tikto'rtburysh.mp3 in Resources */ = {isa = PBXBuildFile; fileRef = D1D8CF242326A68F00531F3F /* Tikto'rtburysh.mp3 */; };
		D1D8CF2E2326A68F00531F3F /* Shen'ber.mp3 in Resources */ = {isa = PBXBuildFile; fileRef = D1D8CF252326A68F00531F3F /* Shen'ber.mp3 */; };
		D1D8CF582326A80100531F3F /* Qon'yr.mp3 in Resources */ = {isa = PBXBuildFile; fileRef = D1D8CF4B2326A80100531F3F /* Qon'yr.mp3 */; };
		D1D8CF592326A80100531F3F /* Ko'gildir.mp3 in Resources */ = {isa = PBXBuildFile; fileRef = D1D8CF4C2326A80100531F3F /* Ko'gildir.mp3 */; };
		D1D8CF5A2326A80100531F3F /* Qyzyl.mp3 in Resources */ = {isa = PBXBuildFile; fileRef = D1D8CF4D2326A80100531F3F /* Qyzyl.mp3 */; };
		D1D8CF5B2326A80200531F3F /* Jasyl.mp3 in Resources */ = {isa = PBXBuildFile; fileRef = D1D8CF4E2326A80100531F3F /* Jasyl.mp3 */; };
		D1D8CF5C2326A80200531F3F /* Sary.mp3 in Resources */ = {isa = PBXBuildFile; fileRef = D1D8CF4F2326A80100531F3F /* Sary.mp3 */; };
		D1D8CF5D2326A80200531F3F /* Ko'k.mp3 in Resources */ = {isa = PBXBuildFile; fileRef = D1D8CF502326A80100531F3F /* Ko'k.mp3 */; };
		D1D8CF5E2326A80200531F3F /* Qyzg'ylt-sary.mp3 in Resources */ = {isa = PBXBuildFile; fileRef = D1D8CF512326A80100531F3F /* Qyzg'ylt-sary.mp3 */; };
		D1D8CF5F2326A80200531F3F /* Qyzg'ylt.mp3 in Resources */ = {isa = PBXBuildFile; fileRef = D1D8CF522326A80100531F3F /* Qyzg'ylt.mp3 */; };
		D1D8CF602326A80200531F3F /* Qara.mp3 in Resources */ = {isa = PBXBuildFile; fileRef = D1D8CF532326A80100531F3F /* Qara.mp3 */; };
		D1D8CF612326A80200531F3F /* K'ulgin.mp3 in Resources */ = {isa = PBXBuildFile; fileRef = D1D8CF542326A80100531F3F /* K'ulgin.mp3 */; };
		D1D8CF622326A80200531F3F /* Aq.mp3 in Resources */ = {isa = PBXBuildFile; fileRef = D1D8CF552326A80100531F3F /* Aq.mp3 */; };
		D1D8CF632326A80200531F3F /* Sur.mp3 in Resources */ = {isa = PBXBuildFile; fileRef = D1D8CF562326A80100531F3F /* Sur.mp3 */; };
		D1D8CF642326A80200531F3F /* Tu'sterQ.mp3 in Resources */ = {isa = PBXBuildFile; fileRef = D1D8CF572326A80100531F3F /* Tu'sterQ.mp3 */; };
		D1F9ABD122A0454600989BD3 /* DrawingViewController.swift in Sources */ = {isa = PBXBuildFile; fileRef = D1F9ABD022A0454600989BD3 /* DrawingViewController.swift */; };
		D1F9ABD322A0455A00989BD3 /* DrawingView.swift in Sources */ = {isa = PBXBuildFile; fileRef = D1F9ABD222A0455A00989BD3 /* DrawingView.swift */; };
		D1F9ABD522A0456B00989BD3 /* DrawingConfigurator.swift in Sources */ = {isa = PBXBuildFile; fileRef = D1F9ABD422A0456B00989BD3 /* DrawingConfigurator.swift */; };
		D1F9ABD722A0457900989BD3 /* DrawingPresenter.swift in Sources */ = {isa = PBXBuildFile; fileRef = D1F9ABD622A0457900989BD3 /* DrawingPresenter.swift */; };
		D1F9ABD922A0458400989BD3 /* DrawingInteractor.swift in Sources */ = {isa = PBXBuildFile; fileRef = D1F9ABD822A0458400989BD3 /* DrawingInteractor.swift */; };
		D1F9ABDB22A0458C00989BD3 /* DrawingRouter.swift in Sources */ = {isa = PBXBuildFile; fileRef = D1F9ABDA22A0458C00989BD3 /* DrawingRouter.swift */; };
/* End PBXBuildFile section */

/* Begin PBXCopyFilesBuildPhase section */
		D12ACAB523F158360061EF06 /* Embed Frameworks */ = {
			isa = PBXCopyFilesBuildPhase;
			buildActionMask = 2147483647;
			dstPath = "";
			dstSubfolderSpec = 10;
			files = (
				D12ACAB423F158360061EF06 /* Pods_Qulynym.framework in Embed Frameworks */,
			);
			name = "Embed Frameworks";
			runOnlyForDeploymentPostprocessing = 0;
		};
/* End PBXCopyFilesBuildPhase section */

/* Begin PBXFileReference section */
		0B7969DFE4A77B5E06526433 /* Pods-Qulynym-QulynymUITests.release.xcconfig */ = {isa = PBXFileReference; includeInIndex = 1; lastKnownFileType = text.xcconfig; name = "Pods-Qulynym-QulynymUITests.release.xcconfig"; path = "Target Support Files/Pods-Qulynym-QulynymUITests/Pods-Qulynym-QulynymUITests.release.xcconfig"; sourceTree = "<group>"; };
		1D4E9BEED70DC17F8A889EB8 /* Pods-Qulynym.debug.xcconfig */ = {isa = PBXFileReference; includeInIndex = 1; lastKnownFileType = text.xcconfig; name = "Pods-Qulynym.debug.xcconfig"; path = "Target Support Files/Pods-Qulynym/Pods-Qulynym.debug.xcconfig"; sourceTree = "<group>"; };
		2252C2CF606A04AC8867777C /* Pods_Qulynym_QulynymUITests.framework */ = {isa = PBXFileReference; explicitFileType = wrapper.framework; includeInIndex = 0; path = Pods_Qulynym_QulynymUITests.framework; sourceTree = BUILT_PRODUCTS_DIR; };
		3967BDCF5F753F01882358FB /* Pods-QulynymTests.debug.xcconfig */ = {isa = PBXFileReference; includeInIndex = 1; lastKnownFileType = text.xcconfig; name = "Pods-QulynymTests.debug.xcconfig"; path = "Target Support Files/Pods-QulynymTests/Pods-QulynymTests.debug.xcconfig"; sourceTree = "<group>"; };
		3C205908B1F3D009DD896E27 /* Pods_QulynymTests.framework */ = {isa = PBXFileReference; explicitFileType = wrapper.framework; includeInIndex = 0; path = Pods_QulynymTests.framework; sourceTree = BUILT_PRODUCTS_DIR; };
		8528917522F9A22600A7CEA7 /* TextViewController.swift */ = {isa = PBXFileReference; lastKnownFileType = sourcecode.swift; path = TextViewController.swift; sourceTree = "<group>"; };
		856AADA523E6F93300376A4C /* ConnectionWarningViewController.swift */ = {isa = PBXFileReference; lastKnownFileType = sourcecode.swift; path = ConnectionWarningViewController.swift; sourceTree = "<group>"; };
		856F348A22F87EDD00E97C0C /* SettingsConfigurator.swift */ = {isa = PBXFileReference; lastKnownFileType = sourcecode.swift; path = SettingsConfigurator.swift; sourceTree = "<group>"; };
		856F348C22F87EF100E97C0C /* SettingsPresenter.swift */ = {isa = PBXFileReference; lastKnownFileType = sourcecode.swift; path = SettingsPresenter.swift; sourceTree = "<group>"; };
		856F348E22F87F0400E97C0C /* SettingsInteractor.swift */ = {isa = PBXFileReference; lastKnownFileType = sourcecode.swift; path = SettingsInteractor.swift; sourceTree = "<group>"; };
		856F349022F87F1800E97C0C /* SettingsRouter.swift */ = {isa = PBXFileReference; lastKnownFileType = sourcecode.swift; path = SettingsRouter.swift; sourceTree = "<group>"; };
		856F349322F87F5800E97C0C /* SettingsViewController.swift */ = {isa = PBXFileReference; lastKnownFileType = sourcecode.swift; path = SettingsViewController.swift; sourceTree = "<group>"; };
		856F349522F87F8900E97C0C /* SettingsView.swift */ = {isa = PBXFileReference; lastKnownFileType = sourcecode.swift; path = SettingsView.swift; sourceTree = "<group>"; };
		85CEBBBF23EC33DD00B6E2C4 /* Tolag'ai.mp3 */ = {isa = PBXFileReference; lastKnownFileType = audio.mp3; path = "Tolag'ai.mp3"; sourceTree = "<group>"; };
		85CEBBC023EC33DD00B6E2C4 /* G'ajap qus.mp3 */ = {isa = PBXFileReference; lastKnownFileType = audio.mp3; path = "G'ajap qus.mp3"; sourceTree = "<group>"; };
		A60B3FFC7A9900BB4BF332C1 /* Pods-Qulynym.release.xcconfig */ = {isa = PBXFileReference; includeInIndex = 1; lastKnownFileType = text.xcconfig; name = "Pods-Qulynym.release.xcconfig"; path = "Target Support Files/Pods-Qulynym/Pods-Qulynym.release.xcconfig"; sourceTree = "<group>"; };
		B916B08C22FBDC3400AF255A /* GameOverState.swift */ = {isa = PBXFileReference; fileEncoding = 4; lastKnownFileType = sourcecode.swift; path = GameOverState.swift; sourceTree = "<group>"; };
		B916B08D22FBDC3400AF255A /* TutorialState.swift */ = {isa = PBXFileReference; fileEncoding = 4; lastKnownFileType = sourcecode.swift; path = TutorialState.swift; sourceTree = "<group>"; };
		B916B08E22FBDC3400AF255A /* MainMenuState.swift */ = {isa = PBXFileReference; fileEncoding = 4; lastKnownFileType = sourcecode.swift; path = MainMenuState.swift; sourceTree = "<group>"; };
		B916B08F22FBDC3400AF255A /* FallingState.swift */ = {isa = PBXFileReference; fileEncoding = 4; lastKnownFileType = sourcecode.swift; path = FallingState.swift; sourceTree = "<group>"; };
		B916B09022FBDC3400AF255A /* PlayingState.swift */ = {isa = PBXFileReference; fileEncoding = 4; lastKnownFileType = sourcecode.swift; path = PlayingState.swift; sourceTree = "<group>"; };
		B916B09C22FBDC5400AF255A /* SpriteComponent.swift */ = {isa = PBXFileReference; fileEncoding = 4; lastKnownFileType = sourcecode.swift; path = SpriteComponent.swift; sourceTree = "<group>"; };
		B916B09D22FBDC5400AF255A /* AnimationComponent.swift */ = {isa = PBXFileReference; fileEncoding = 4; lastKnownFileType = sourcecode.swift; path = AnimationComponent.swift; sourceTree = "<group>"; };
		B916B09E22FBDC5400AF255A /* MovementComponent.swift */ = {isa = PBXFileReference; fileEncoding = 4; lastKnownFileType = sourcecode.swift; path = MovementComponent.swift; sourceTree = "<group>"; };
		B916B0CB22FBDCA000AF255A /* GameScene.swift */ = {isa = PBXFileReference; fileEncoding = 4; lastKnownFileType = sourcecode.swift; path = GameScene.swift; sourceTree = "<group>"; };
		B916B0CC22FBDCA000AF255A /* GameViewController.swift */ = {isa = PBXFileReference; fileEncoding = 4; lastKnownFileType = sourcecode.swift; path = GameViewController.swift; sourceTree = "<group>"; };
		B9E2CE1522FBDF2F006B5697 /* SKUtils.swift */ = {isa = PBXFileReference; fileEncoding = 4; lastKnownFileType = sourcecode.swift; path = SKUtils.swift; sourceTree = "<group>"; };
		B9E2CE2222FBDF2F006B5697 /* hitGround.wav */ = {isa = PBXFileReference; lastKnownFileType = audio.wav; path = hitGround.wav; sourceTree = "<group>"; };
		B9E2CE2322FBDF2F006B5697 /* whack.wav */ = {isa = PBXFileReference; lastKnownFileType = audio.wav; path = whack.wav; sourceTree = "<group>"; };
		B9E2CE2422FBDF2F006B5697 /* flapping.wav */ = {isa = PBXFileReference; lastKnownFileType = audio.wav; path = flapping.wav; sourceTree = "<group>"; };
		B9E2CE2522FBDF2F006B5697 /* falling.wav */ = {isa = PBXFileReference; lastKnownFileType = audio.wav; path = falling.wav; sourceTree = "<group>"; };
		B9E2CE2622FBDF2F006B5697 /* coin.wav */ = {isa = PBXFileReference; lastKnownFileType = audio.wav; path = coin.wav; sourceTree = "<group>"; };
		B9E2CE2722FBDF2F006B5697 /* pop.wav */ = {isa = PBXFileReference; lastKnownFileType = audio.wav; path = pop.wav; sourceTree = "<group>"; };
		B9E2CE2822FBDF2F006B5697 /* ding.wav */ = {isa = PBXFileReference; lastKnownFileType = audio.wav; path = ding.wav; sourceTree = "<group>"; };
		D10221DB22ECD2B40081C95E /* CanvasView.swift */ = {isa = PBXFileReference; lastKnownFileType = sourcecode.swift; path = CanvasView.swift; sourceTree = "<group>"; };
		D102930722F1A13500C7B2F2 /* QuizViewController.swift */ = {isa = PBXFileReference; lastKnownFileType = sourcecode.swift; path = QuizViewController.swift; sourceTree = "<group>"; };
		D102930922F1A14000C7B2F2 /* QuizView.swift */ = {isa = PBXFileReference; lastKnownFileType = sourcecode.swift; path = QuizView.swift; sourceTree = "<group>"; };
		D102930C22F1AD6200C7B2F2 /* QuizPresenter.swift */ = {isa = PBXFileReference; lastKnownFileType = sourcecode.swift; path = QuizPresenter.swift; sourceTree = "<group>"; };
		D102930E22F1AE0200C7B2F2 /* QuizInteractor.swift */ = {isa = PBXFileReference; lastKnownFileType = sourcecode.swift; path = QuizInteractor.swift; sourceTree = "<group>"; };
		D102931022F1AE1100C7B2F2 /* QuizRouter.swift */ = {isa = PBXFileReference; lastKnownFileType = sourcecode.swift; path = QuizRouter.swift; sourceTree = "<group>"; };
		D102931222F1AF1C00C7B2F2 /* QuizConfigurator.swift */ = {isa = PBXFileReference; lastKnownFileType = sourcecode.swift; path = QuizConfigurator.swift; sourceTree = "<group>"; };
		D1058075235C0E7F00082DA3 /* BeineViewController.swift */ = {isa = PBXFileReference; lastKnownFileType = sourcecode.swift; path = BeineViewController.swift; sourceTree = "<group>"; };
		D10687C922AE68BC00A3E6E0 /* MenuConfigurator.swift */ = {isa = PBXFileReference; lastKnownFileType = sourcecode.swift; path = MenuConfigurator.swift; sourceTree = "<group>"; };
		D10687CC22AE68E300A3E6E0 /* MenuViewController.swift */ = {isa = PBXFileReference; lastKnownFileType = sourcecode.swift; path = MenuViewController.swift; sourceTree = "<group>"; };
		D10687CE22AE68EE00A3E6E0 /* MenuView.swift */ = {isa = PBXFileReference; lastKnownFileType = sourcecode.swift; path = MenuView.swift; sourceTree = "<group>"; };
		D10687D022AE68FA00A3E6E0 /* MenuPresenter.swift */ = {isa = PBXFileReference; lastKnownFileType = sourcecode.swift; path = MenuPresenter.swift; sourceTree = "<group>"; };
		D10687D522AE691B00A3E6E0 /* MenuRouter.swift */ = {isa = PBXFileReference; lastKnownFileType = sourcecode.swift; path = MenuRouter.swift; sourceTree = "<group>"; };
		D10729F4228767D9003149E8 /* PlaylistViewController.swift */ = {isa = PBXFileReference; lastKnownFileType = sourcecode.swift; path = PlaylistViewController.swift; sourceTree = "<group>"; };
		D10729F622876879003149E8 /* PlaylistView.swift */ = {isa = PBXFileReference; lastKnownFileType = sourcecode.swift; path = PlaylistView.swift; sourceTree = "<group>"; };
		D10729FA22877D3B003149E8 /* PlaylistConfigurator.swift */ = {isa = PBXFileReference; lastKnownFileType = sourcecode.swift; path = PlaylistConfigurator.swift; sourceTree = "<group>"; };
		D10729FC22877D48003149E8 /* PlaylistPresenter.swift */ = {isa = PBXFileReference; lastKnownFileType = sourcecode.swift; path = PlaylistPresenter.swift; sourceTree = "<group>"; };
		D10729FE22877D5C003149E8 /* PlaylistInteractor.swift */ = {isa = PBXFileReference; lastKnownFileType = sourcecode.swift; path = PlaylistInteractor.swift; sourceTree = "<group>"; };
		D1072A0022877DD2003149E8 /* PlaylistRouter.swift */ = {isa = PBXFileReference; lastKnownFileType = sourcecode.swift; path = PlaylistRouter.swift; sourceTree = "<group>"; };
		D107786A22858CEC00D869D3 /* Animator.swift */ = {isa = PBXFileReference; lastKnownFileType = sourcecode.swift; path = Animator.swift; sourceTree = "<group>"; };
		D135E2A322A02F7B00DC84DE /* PlaylistItemViewController.swift */ = {isa = PBXFileReference; lastKnownFileType = sourcecode.swift; path = PlaylistItemViewController.swift; sourceTree = "<group>"; };
		D135E2A622A02F9800DC84DE /* PlaylistItemView.swift */ = {isa = PBXFileReference; lastKnownFileType = sourcecode.swift; path = PlaylistItemView.swift; sourceTree = "<group>"; };
		D135E2AA22A02FBC00DC84DE /* PlaylistItemConfigurator.swift */ = {isa = PBXFileReference; lastKnownFileType = sourcecode.swift; path = PlaylistItemConfigurator.swift; sourceTree = "<group>"; };
		D135E2AE22A02FD900DC84DE /* PlaylistItemRouter.swift */ = {isa = PBXFileReference; lastKnownFileType = sourcecode.swift; path = PlaylistItemRouter.swift; sourceTree = "<group>"; };
		D1383F8D22AFCD42007815DF /* ImageCollectionViewCell.swift */ = {isa = PBXFileReference; lastKnownFileType = sourcecode.swift; path = ImageCollectionViewCell.swift; sourceTree = "<group>"; };
		D13C1B252310250000A5D8DA /* Qulynym.xcdatamodel */ = {isa = PBXFileReference; lastKnownFileType = wrapper.xcdatamodel; name = Qulynym.xcdatamodel; path = Qulynym.xcdatamodeld/Qulynym.xcdatamodel; sourceTree = "<group>"; };
		D13D86492217FEDF0048A6E4 /* Qulynym.app */ = {isa = PBXFileReference; explicitFileType = wrapper.application; includeInIndex = 0; path = Qulynym.app; sourceTree = BUILT_PRODUCTS_DIR; };
		D13D864C2217FEDF0048A6E4 /* AppDelegate.swift */ = {isa = PBXFileReference; lastKnownFileType = sourcecode.swift; path = AppDelegate.swift; sourceTree = "<group>"; };
		D13D864E2217FEDF0048A6E4 /* ItemViewController.swift */ = {isa = PBXFileReference; lastKnownFileType = sourcecode.swift; path = ItemViewController.swift; sourceTree = "<group>"; };
		D13D86562217FEDF0048A6E4 /* Assets.xcassets */ = {isa = PBXFileReference; lastKnownFileType = folder.assetcatalog; path = Assets.xcassets; sourceTree = "<group>"; };
		D13D86592217FEDF0048A6E4 /* Base */ = {isa = PBXFileReference; lastKnownFileType = file.storyboard; name = Base; path = Base.lproj/LaunchScreen.storyboard; sourceTree = "<group>"; };
		D13D865B2217FEDF0048A6E4 /* Info.plist */ = {isa = PBXFileReference; lastKnownFileType = text.plist.xml; path = Info.plist; sourceTree = "<group>"; };
		D13D867D22180E430048A6E4 /* PersistentService.swift */ = {isa = PBXFileReference; lastKnownFileType = sourcecode.swift; path = PersistentService.swift; sourceTree = "<group>"; };
		D146AB2E22E77EB2004520DA /* backgroundAudio.mp3 */ = {isa = PBXFileReference; lastKnownFileType = audio.mp3; path = backgroundAudio.mp3; sourceTree = "<group>"; };
		D14D536722213769007ACD55 /* ItemPresenter.swift */ = {isa = PBXFileReference; lastKnownFileType = sourcecode.swift; path = ItemPresenter.swift; sourceTree = "<group>"; };
		D14D536922213775007ACD55 /* ItemConfigurator.swift */ = {isa = PBXFileReference; lastKnownFileType = sourcecode.swift; path = ItemConfigurator.swift; sourceTree = "<group>"; };
		D14D536D222137B2007ACD55 /* ItemInteractor.swift */ = {isa = PBXFileReference; lastKnownFileType = sourcecode.swift; path = ItemInteractor.swift; sourceTree = "<group>"; };
		D14D536F2221380F007ACD55 /* ItemView.swift */ = {isa = PBXFileReference; lastKnownFileType = sourcecode.swift; path = ItemView.swift; sourceTree = "<group>"; };
		D14D537122214853007ACD55 /* ItemRouter.swift */ = {isa = PBXFileReference; lastKnownFileType = sourcecode.swift; path = ItemRouter.swift; sourceTree = "<group>"; };
		D14D53742221A294007ACD55 /* ContentService.swift */ = {isa = PBXFileReference; lastKnownFileType = sourcecode.swift; path = ContentService.swift; sourceTree = "<group>"; };
		D14D53782221B185007ACD55 /* AudioPlayer.swift */ = {isa = PBXFileReference; lastKnownFileType = sourcecode.swift; path = AudioPlayer.swift; sourceTree = "<group>"; };
		D15318C82326376D0035EE05 /* bubbles.mp3 */ = {isa = PBXFileReference; lastKnownFileType = audio.mp3; path = bubbles.mp3; sourceTree = "<group>"; };
		D15318C92326376D0035EE05 /* ending.mp3 */ = {isa = PBXFileReference; lastKnownFileType = audio.mp3; path = ending.mp3; sourceTree = "<group>"; };
		D15318CA2326376D0035EE05 /* bloop.mp3 */ = {isa = PBXFileReference; lastKnownFileType = audio.mp3; path = bloop.mp3; sourceTree = "<group>"; };
		D1621EBE235E257400FF2537 /* Asyl áje.mp3 */ = {isa = PBXFileReference; lastKnownFileType = audio.mp3; path = "Asyl áje.mp3"; sourceTree = "<group>"; };
		D1621EBF235E257500FF2537 /* Bіr bala.mp3 */ = {isa = PBXFileReference; lastKnownFileType = audio.mp3; path = "Bіr bala.mp3"; sourceTree = "<group>"; };
		D1621EC0235E257500FF2537 /* Ertegіler álemі.mp3 */ = {isa = PBXFileReference; lastKnownFileType = audio.mp3; path = "Ertegіler álemі.mp3"; sourceTree = "<group>"; };
		D1621EC1235E257500FF2537 /* Sarjaılay'.mp3 */ = {isa = PBXFileReference; lastKnownFileType = audio.mp3; path = "Sarjaılay'.mp3"; sourceTree = "<group>"; };
		D171887B23E6EF4C006FAB72 /* DataFetchAPI.swift */ = {isa = PBXFileReference; lastKnownFileType = sourcecode.swift; path = DataFetchAPI.swift; sourceTree = "<group>"; };
		D18E30BB2325566400C0E012 /* Aigo'lek.mp3 */ = {isa = PBXFileReference; lastKnownFileType = audio.mp3; path = "Aigo'lek.mp3"; sourceTree = "<group>"; };
		D18E30BC2325566500C0E012 /* Qoshaqanym.mp3 */ = {isa = PBXFileReference; lastKnownFileType = audio.mp3; path = Qoshaqanym.mp3; sourceTree = "<group>"; };
		D18E30BF2325566C00C0E012 /* Bauyrsaq Ertegi.mp3 */ = {isa = PBXFileReference; lastKnownFileType = audio.mp3; path = "Bauyrsaq Ertegi.mp3"; sourceTree = "<group>"; };
		D19245162284DC2800ABD1BD /* Timer.swift */ = {isa = PBXFileReference; lastKnownFileType = sourcecode.swift; path = Timer.swift; sourceTree = "<group>"; };
		D19D32E023EF06EC00DC533B /* CustomImageView.swift */ = {isa = PBXFileReference; lastKnownFileType = sourcecode.swift; path = CustomImageView.swift; sourceTree = "<group>"; };
		D19D36E4222BAEEC005188D0 /* Extensions.swift */ = {isa = PBXFileReference; lastKnownFileType = sourcecode.swift; path = Extensions.swift; sourceTree = "<group>"; };
		D1A7913422F82690005BF325 /* DrawingsCollectionView.swift */ = {isa = PBXFileReference; lastKnownFileType = sourcecode.swift; path = DrawingsCollectionView.swift; sourceTree = "<group>"; };
		D1C69D1122F631DD003D0D05 /* PlaylistItemPresenter.swift */ = {isa = PBXFileReference; lastKnownFileType = sourcecode.swift; path = PlaylistItemPresenter.swift; sourceTree = "<group>"; };
		D1C69D1322F631E9003D0D05 /* PlaylistItemInteractor.swift */ = {isa = PBXFileReference; lastKnownFileType = sourcecode.swift; path = PlaylistItemInteractor.swift; sourceTree = "<group>"; };
		D1D5599122A82FED001674A7 /* Emitters.swift */ = {isa = PBXFileReference; lastKnownFileType = sourcecode.swift; path = Emitters.swift; sourceTree = "<group>"; };
		D1D5BC2223017E0300FB3922 /* PlayerEntity.swift */ = {isa = PBXFileReference; fileEncoding = 4; lastKnownFileType = sourcecode.swift; path = PlayerEntity.swift; sourceTree = "<group>"; };
		D1D5BC2423017E2800FB3922 /* ObstacleEntity.swift */ = {isa = PBXFileReference; fileEncoding = 4; lastKnownFileType = sourcecode.swift; path = ObstacleEntity.swift; sourceTree = "<group>"; };
		D1D8CE2A2326688100531F3F /* helloMessageAruzhan.mp3 */ = {isa = PBXFileReference; lastKnownFileType = audio.mp3; path = helloMessageAruzhan.mp3; sourceTree = "<group>"; };
		D1D8CE2B2326688100531F3F /* studyMessageDaulet.mp3 */ = {isa = PBXFileReference; lastKnownFileType = audio.mp3; path = studyMessageDaulet.mp3; sourceTree = "<group>"; };
		D1D8CE2C2326688100531F3F /* songsMessage.mp3 */ = {isa = PBXFileReference; lastKnownFileType = audio.mp3; path = songsMessage.mp3; sourceTree = "<group>"; };
		D1D8CE2D2326688100531F3F /* helloMessageDaulet.mp3 */ = {isa = PBXFileReference; lastKnownFileType = audio.mp3; path = helloMessageDaulet.mp3; sourceTree = "<group>"; };
		D1D8CE2E2326688100531F3F /* gamesMessage.mp3 */ = {isa = PBXFileReference; lastKnownFileType = audio.mp3; path = gamesMessage.mp3; sourceTree = "<group>"; };
		D1D8CE2F2326688100531F3F /* StoriesMessage.mp3 */ = {isa = PBXFileReference; lastKnownFileType = audio.mp3; path = StoriesMessage.mp3; sourceTree = "<group>"; };
		D1D8CE302326688100531F3F /* studyMessageAruzhan.mp3 */ = {isa = PBXFileReference; lastKnownFileType = audio.mp3; path = studyMessageAruzhan.mp3; sourceTree = "<group>"; };
		D1D8CEBC2326720A00531F3F /* Sıyr.mp3 */ = {isa = PBXFileReference; lastKnownFileType = audio.mp3; path = "Sıyr.mp3"; sourceTree = "<group>"; };
		D1D8CEBD2326720A00531F3F /* Mysyq.mp3 */ = {isa = PBXFileReference; lastKnownFileType = audio.mp3; path = Mysyq.mp3; sourceTree = "<group>"; };
		D1D8CEBE2326720A00531F3F /* U'ki.mp3 */ = {isa = PBXFileReference; lastKnownFileType = audio.mp3; path = "U'ki.mp3"; sourceTree = "<group>"; };
		D1D8CEBF2326720A00531F3F /* Tıіn.mp3 */ = {isa = PBXFileReference; lastKnownFileType = audio.mp3; path = "Tıіn.mp3"; sourceTree = "<group>"; };
		D1D8CEC02326720A00531F3F /* Bu'rkit.mp3 */ = {isa = PBXFileReference; lastKnownFileType = audio.mp3; path = "Bu'rkit.mp3"; sourceTree = "<group>"; };
		D1D8CEC12326720A00531F3F /* ZhanuarlarQ.mp3 */ = {isa = PBXFileReference; lastKnownFileType = audio.mp3; path = ZhanuarlarQ.mp3; sourceTree = "<group>"; };
		D1D8CEC22326720A00531F3F /* Esek.mp3 */ = {isa = PBXFileReference; lastKnownFileType = audio.mp3; path = Esek.mp3; sourceTree = "<group>"; };
		D1D8CEC32326720A00531F3F /* Shoshqa.mp3 */ = {isa = PBXFileReference; lastKnownFileType = audio.mp3; path = Shoshqa.mp3; sourceTree = "<group>"; };
		D1D8CEC42326720A00531F3F /* Aiy'.mp3 */ = {isa = PBXFileReference; lastKnownFileType = audio.mp3; path = "Aiy'.mp3"; sourceTree = "<group>"; };
		D1D8CEC52326720A00531F3F /* It.mp3 */ = {isa = PBXFileReference; lastKnownFileType = audio.mp3; path = It.mp3; sourceTree = "<group>"; };
		D1D8CEC62326720A00531F3F /* Qoıan.mp3 */ = {isa = PBXFileReference; lastKnownFileType = audio.mp3; path = "Qoıan.mp3"; sourceTree = "<group>"; };
		D1D8CEC72326720A00531F3F /* Qumyrsqa.mp3 */ = {isa = PBXFileReference; lastKnownFileType = audio.mp3; path = Qumyrsqa.mp3; sourceTree = "<group>"; };
		D1D8CEC82326720A00531F3F /* Ko'belek.mp3 */ = {isa = PBXFileReference; lastKnownFileType = audio.mp3; path = "Ko'belek.mp3"; sourceTree = "<group>"; };
		D1D8CEC92326720A00531F3F /* Tu'lki.mp3 */ = {isa = PBXFileReference; lastKnownFileType = audio.mp3; path = "Tu'lki.mp3"; sourceTree = "<group>"; };
		D1D8CECA2326720A00531F3F /* Qasqyr.mp3 */ = {isa = PBXFileReference; lastKnownFileType = audio.mp3; path = Qasqyr.mp3; sourceTree = "<group>"; };
		D1D8CECB2326720A00531F3F /* Arystan.mp3 */ = {isa = PBXFileReference; lastKnownFileType = audio.mp3; path = Arystan.mp3; sourceTree = "<group>"; };
		D1D8CECC2326720A00531F3F /* Qoı.mp3 */ = {isa = PBXFileReference; lastKnownFileType = audio.mp3; path = "Qoı.mp3"; sourceTree = "<group>"; };
		D1D8CECD2326720A00531F3F /* At.mp3 */ = {isa = PBXFileReference; lastKnownFileType = audio.mp3; path = At.mp3; sourceTree = "<group>"; };
		D1D8CECE2326720A00531F3F /* Barys.mp3 */ = {isa = PBXFileReference; lastKnownFileType = audio.mp3; path = Barys.mp3; sourceTree = "<group>"; };
		D1D8CECF2326720A00531F3F /* Pil.mp3 */ = {isa = PBXFileReference; lastKnownFileType = audio.mp3; path = Pil.mp3; sourceTree = "<group>"; };
		D1D8CED02326720A00531F3F /* Torg'ai.mp3 */ = {isa = PBXFileReference; lastKnownFileType = audio.mp3; path = "Torg'ai.mp3"; sourceTree = "<group>"; };
		D1D8CEE82326746200531F3F /* tryAgain.mp3 */ = {isa = PBXFileReference; lastKnownFileType = audio.mp3; path = tryAgain.mp3; sourceTree = "<group>"; };
		D1D8CEEF232690AA00531F3F /* wellDone.mp3 */ = {isa = PBXFileReference; lastKnownFileType = audio.mp3; path = wellDone.mp3; sourceTree = "<group>"; };
		D1D8CEF22326A1AA00531F3F /* Almurt aǵashy.mp3 */ = {isa = PBXFileReference; lastKnownFileType = audio.mp3; path = "Almurt aǵashy.mp3"; sourceTree = "<group>"; };
		D1D8CEF32326A1AA00531F3F /* Qaıyn'.mp3 */ = {isa = PBXFileReference; lastKnownFileType = audio.mp3; path = "Qaıyn'.mp3"; sourceTree = "<group>"; };
		D1D8CEF42326A1AA00531F3F /* Mu'kjıdek.mp3 */ = {isa = PBXFileReference; lastKnownFileType = audio.mp3; path = "Mu'kjıdek.mp3"; sourceTree = "<group>"; };
		D1D8CEF52326A1AA00531F3F /* Qon'yray'gu'l.mp3 */ = {isa = PBXFileReference; lastKnownFileType = audio.mp3; path = "Qon'yray'gu'l.mp3"; sourceTree = "<group>"; };
		D1D8CEF62326A1AA00531F3F /* Qyzg'aldaq.mp3 */ = {isa = PBXFileReference; lastKnownFileType = audio.mp3; path = "Qyzg'aldaq.mp3"; sourceTree = "<group>"; };
		D1D8CEF72326A1AA00531F3F /* Qarag'aı.mp3 */ = {isa = PBXFileReference; lastKnownFileType = audio.mp3; path = "Qarag'aı.mp3"; sourceTree = "<group>"; };
		D1D8CEF82326A1AA00531F3F /* Kakty's.mp3 */ = {isa = PBXFileReference; lastKnownFileType = audio.mp3; path = "Kakty's.mp3"; sourceTree = "<group>"; };
		D1D8CEF92326A1AA00531F3F /* Tu'ımedaq.mp3 */ = {isa = PBXFileReference; lastKnownFileType = audio.mp3; path = "Tu'ımedaq.mp3"; sourceTree = "<group>"; };
		D1D8CEFA2326A1AA00531F3F /* Ray'shan.mp3 */ = {isa = PBXFileReference; lastKnownFileType = audio.mp3; path = "Ray'shan.mp3"; sourceTree = "<group>"; };
		D1D8CEFB2326A1AA00531F3F /* Sheten.mp3 */ = {isa = PBXFileReference; lastKnownFileType = audio.mp3; path = Sheten.mp3; sourceTree = "<group>"; };
		D1D8CEFC2326A1AA00531F3F /* Baqbaq.mp3 */ = {isa = PBXFileReference; lastKnownFileType = audio.mp3; path = Baqbaq.mp3; sourceTree = "<group>"; };
		D1D8CEFD2326A1AA00531F3F /* Tan'qy'raı.mp3 */ = {isa = PBXFileReference; lastKnownFileType = audio.mp3; path = "Tan'qy'raı.mp3"; sourceTree = "<group>"; };
		D1D8CEFE2326A1AA00531F3F /* Bo'rtegu'l.mp3 */ = {isa = PBXFileReference; lastKnownFileType = audio.mp3; path = "Bo'rtegu'l.mp3"; sourceTree = "<group>"; };
		D1D8CEFF2326A1AA00531F3F /* Emen.mp3 */ = {isa = PBXFileReference; lastKnownFileType = audio.mp3; path = Emen.mp3; sourceTree = "<group>"; };
		D1D8CF002326A1AA00531F3F /* Alma ag'ashy.mp3 */ = {isa = PBXFileReference; lastKnownFileType = audio.mp3; path = "Alma ag'ashy.mp3"; sourceTree = "<group>"; };
		D1D8CF012326A1AA00531F3F /* Shegіrgu'l.mp3 */ = {isa = PBXFileReference; lastKnownFileType = audio.mp3; path = "Shegіrgu'l.mp3"; sourceTree = "<group>"; };
		D1D8CF022326A1AA00531F3F /* Terek.mp3 */ = {isa = PBXFileReference; lastKnownFileType = audio.mp3; path = Terek.mp3; sourceTree = "<group>"; };
		D1D8CF032326A1AA00531F3F /* O'simdikterQ.mp3 */ = {isa = PBXFileReference; lastKnownFileType = audio.mp3; path = "O'simdikterQ.mp3"; sourceTree = "<group>"; };
		D1D8CF042326A1AA00531F3F /* Ko'kterek.mp3 */ = {isa = PBXFileReference; lastKnownFileType = audio.mp3; path = "Ko'kterek.mp3"; sourceTree = "<group>"; };
		D1D8CF052326A1AA00531F3F /* Órіk ag'ashy.mp3 */ = {isa = PBXFileReference; lastKnownFileType = audio.mp3; path = "Órіk ag'ashy.mp3"; sourceTree = "<group>"; };
		D1D8CF062326A1AA00531F3F /* Shyrsha.mp3 */ = {isa = PBXFileReference; lastKnownFileType = audio.mp3; path = Shyrsha.mp3; sourceTree = "<group>"; };
		D1D8CF1D2326A68F00531F3F /* PishinderQ.mp3 */ = {isa = PBXFileReference; lastKnownFileType = audio.mp3; path = PishinderQ.mp3; sourceTree = "<group>"; };
		D1D8CF1E2326A68F00531F3F /* Zhuldyz.mp3 */ = {isa = PBXFileReference; lastKnownFileType = audio.mp3; path = Zhuldyz.mp3; sourceTree = "<group>"; };
		D1D8CF1F2326A68F00531F3F /* U'shburysh.mp3 */ = {isa = PBXFileReference; lastKnownFileType = audio.mp3; path = "U'shburysh.mp3"; sourceTree = "<group>"; };
		D1D8CF202326A68F00531F3F /* Romb.mp3 */ = {isa = PBXFileReference; lastKnownFileType = audio.mp3; path = Romb.mp3; sourceTree = "<group>"; };
		D1D8CF212326A68F00531F3F /* Sopaqsha.mp3 */ = {isa = PBXFileReference; lastKnownFileType = audio.mp3; path = Sopaqsha.mp3; sourceTree = "<group>"; };
		D1D8CF222326A68F00531F3F /* Zhu'rek.mp3 */ = {isa = PBXFileReference; lastKnownFileType = audio.mp3; path = "Zhu'rek.mp3"; sourceTree = "<group>"; };
		D1D8CF232326A68F00531F3F /* Sharshy.mp3 */ = {isa = PBXFileReference; lastKnownFileType = audio.mp3; path = Sharshy.mp3; sourceTree = "<group>"; };
		D1D8CF242326A68F00531F3F /* Tikto'rtburysh.mp3 */ = {isa = PBXFileReference; lastKnownFileType = audio.mp3; path = "Tikto'rtburysh.mp3"; sourceTree = "<group>"; };
		D1D8CF252326A68F00531F3F /* Shen'ber.mp3 */ = {isa = PBXFileReference; lastKnownFileType = audio.mp3; path = "Shen'ber.mp3"; sourceTree = "<group>"; };
		D1D8CF4B2326A80100531F3F /* Qon'yr.mp3 */ = {isa = PBXFileReference; lastKnownFileType = audio.mp3; path = "Qon'yr.mp3"; sourceTree = "<group>"; };
		D1D8CF4C2326A80100531F3F /* Ko'gildir.mp3 */ = {isa = PBXFileReference; lastKnownFileType = audio.mp3; path = "Ko'gildir.mp3"; sourceTree = "<group>"; };
		D1D8CF4D2326A80100531F3F /* Qyzyl.mp3 */ = {isa = PBXFileReference; lastKnownFileType = audio.mp3; path = Qyzyl.mp3; sourceTree = "<group>"; };
		D1D8CF4E2326A80100531F3F /* Jasyl.mp3 */ = {isa = PBXFileReference; lastKnownFileType = audio.mp3; path = Jasyl.mp3; sourceTree = "<group>"; };
		D1D8CF4F2326A80100531F3F /* Sary.mp3 */ = {isa = PBXFileReference; lastKnownFileType = audio.mp3; path = Sary.mp3; sourceTree = "<group>"; };
		D1D8CF502326A80100531F3F /* Ko'k.mp3 */ = {isa = PBXFileReference; lastKnownFileType = audio.mp3; path = "Ko'k.mp3"; sourceTree = "<group>"; };
		D1D8CF512326A80100531F3F /* Qyzg'ylt-sary.mp3 */ = {isa = PBXFileReference; lastKnownFileType = audio.mp3; path = "Qyzg'ylt-sary.mp3"; sourceTree = "<group>"; };
		D1D8CF522326A80100531F3F /* Qyzg'ylt.mp3 */ = {isa = PBXFileReference; lastKnownFileType = audio.mp3; path = "Qyzg'ylt.mp3"; sourceTree = "<group>"; };
		D1D8CF532326A80100531F3F /* Qara.mp3 */ = {isa = PBXFileReference; lastKnownFileType = audio.mp3; path = Qara.mp3; sourceTree = "<group>"; };
		D1D8CF542326A80100531F3F /* K'ulgin.mp3 */ = {isa = PBXFileReference; lastKnownFileType = audio.mp3; path = "K'ulgin.mp3"; sourceTree = "<group>"; };
		D1D8CF552326A80100531F3F /* Aq.mp3 */ = {isa = PBXFileReference; lastKnownFileType = audio.mp3; path = Aq.mp3; sourceTree = "<group>"; };
		D1D8CF562326A80100531F3F /* Sur.mp3 */ = {isa = PBXFileReference; lastKnownFileType = audio.mp3; path = Sur.mp3; sourceTree = "<group>"; };
		D1D8CF572326A80100531F3F /* Tu'sterQ.mp3 */ = {isa = PBXFileReference; lastKnownFileType = audio.mp3; path = "Tu'sterQ.mp3"; sourceTree = "<group>"; };
		D1F9ABD022A0454600989BD3 /* DrawingViewController.swift */ = {isa = PBXFileReference; lastKnownFileType = sourcecode.swift; path = DrawingViewController.swift; sourceTree = "<group>"; };
		D1F9ABD222A0455A00989BD3 /* DrawingView.swift */ = {isa = PBXFileReference; lastKnownFileType = sourcecode.swift; path = DrawingView.swift; sourceTree = "<group>"; };
		D1F9ABD422A0456B00989BD3 /* DrawingConfigurator.swift */ = {isa = PBXFileReference; lastKnownFileType = sourcecode.swift; path = DrawingConfigurator.swift; sourceTree = "<group>"; };
		D1F9ABD622A0457900989BD3 /* DrawingPresenter.swift */ = {isa = PBXFileReference; lastKnownFileType = sourcecode.swift; path = DrawingPresenter.swift; sourceTree = "<group>"; };
		D1F9ABD822A0458400989BD3 /* DrawingInteractor.swift */ = {isa = PBXFileReference; lastKnownFileType = sourcecode.swift; path = DrawingInteractor.swift; sourceTree = "<group>"; };
		D1F9ABDA22A0458C00989BD3 /* DrawingRouter.swift */ = {isa = PBXFileReference; lastKnownFileType = sourcecode.swift; path = DrawingRouter.swift; sourceTree = "<group>"; };
		E031261186D933A33C7C5772 /* Pods_Qulynym.framework */ = {isa = PBXFileReference; explicitFileType = wrapper.framework; includeInIndex = 0; path = Pods_Qulynym.framework; sourceTree = BUILT_PRODUCTS_DIR; };
		E2CF92BA8D286FA7FE91861B /* Pods-QulynymTests.release.xcconfig */ = {isa = PBXFileReference; includeInIndex = 1; lastKnownFileType = text.xcconfig; name = "Pods-QulynymTests.release.xcconfig"; path = "Target Support Files/Pods-QulynymTests/Pods-QulynymTests.release.xcconfig"; sourceTree = "<group>"; };
		EE06D32ED08FACEC7EE61581 /* Pods-Qulynym-QulynymUITests.debug.xcconfig */ = {isa = PBXFileReference; includeInIndex = 1; lastKnownFileType = text.xcconfig; name = "Pods-Qulynym-QulynymUITests.debug.xcconfig"; path = "Target Support Files/Pods-Qulynym-QulynymUITests/Pods-Qulynym-QulynymUITests.debug.xcconfig"; sourceTree = "<group>"; };
/* End PBXFileReference section */

/* Begin PBXFrameworksBuildPhase section */
		D13D86462217FEDF0048A6E4 /* Frameworks */ = {
			isa = PBXFrameworksBuildPhase;
			buildActionMask = 2147483647;
			files = (
				D12ACAB323F158360061EF06 /* Pods_Qulynym.framework in Frameworks */,
			);
			runOnlyForDeploymentPostprocessing = 0;
		};
/* End PBXFrameworksBuildPhase section */

/* Begin PBXGroup section */
		856F348922F87E7B00E97C0C /* Settings */ = {
			isa = PBXGroup;
			children = (
				856F348A22F87EDD00E97C0C /* SettingsConfigurator.swift */,
				856F349222F87F2000E97C0C /* View */,
				856F348C22F87EF100E97C0C /* SettingsPresenter.swift */,
				856F348E22F87F0400E97C0C /* SettingsInteractor.swift */,
				856F349022F87F1800E97C0C /* SettingsRouter.swift */,
			);
			path = Settings;
			sourceTree = "<group>";
		};
		856F349222F87F2000E97C0C /* View */ = {
			isa = PBXGroup;
			children = (
				8528917522F9A22600A7CEA7 /* TextViewController.swift */,
				856F349322F87F5800E97C0C /* SettingsViewController.swift */,
				856F349522F87F8900E97C0C /* SettingsView.swift */,
			);
			path = View;
			sourceTree = "<group>";
		};
		85C9331524A25A48000358D5 /* Torgai */ = {
			isa = PBXGroup;
			children = (
				B9E2CE2122FBDF2F006B5697 /* Sounds */,
			);
			path = Torgai;
			sourceTree = "<group>";
		};
		87E877A727894FFFC3518CA5 /* Pods */ = {
			isa = PBXGroup;
			children = (
				1D4E9BEED70DC17F8A889EB8 /* Pods-Qulynym.debug.xcconfig */,
				A60B3FFC7A9900BB4BF332C1 /* Pods-Qulynym.release.xcconfig */,
				EE06D32ED08FACEC7EE61581 /* Pods-Qulynym-QulynymUITests.debug.xcconfig */,
				0B7969DFE4A77B5E06526433 /* Pods-Qulynym-QulynymUITests.release.xcconfig */,
				3967BDCF5F753F01882358FB /* Pods-QulynymTests.debug.xcconfig */,
				E2CF92BA8D286FA7FE91861B /* Pods-QulynymTests.release.xcconfig */,
			);
			path = Pods;
			sourceTree = "<group>";
		};
		B916B08B22FBDC3400AF255A /* GameStates */ = {
			isa = PBXGroup;
			children = (
				B916B08C22FBDC3400AF255A /* GameOverState.swift */,
				B916B08D22FBDC3400AF255A /* TutorialState.swift */,
				B916B08E22FBDC3400AF255A /* MainMenuState.swift */,
				B916B08F22FBDC3400AF255A /* FallingState.swift */,
				B916B09022FBDC3400AF255A /* PlayingState.swift */,
			);
			path = GameStates;
			sourceTree = "<group>";
		};
		B916B09B22FBDC5400AF255A /* Components */ = {
			isa = PBXGroup;
			children = (
				B916B09C22FBDC5400AF255A /* SpriteComponent.swift */,
				B916B09D22FBDC5400AF255A /* AnimationComponent.swift */,
				B916B09E22FBDC5400AF255A /* MovementComponent.swift */,
			);
			path = Components;
			sourceTree = "<group>";
		};
		B9E2CE1322FBDF2F006B5697 /* Resources */ = {
			isa = PBXGroup;
			children = (
			);
			path = Resources;
			sourceTree = "<group>";
		};
		B9E2CE2122FBDF2F006B5697 /* Sounds */ = {
			isa = PBXGroup;
			children = (
				B9E2CE2222FBDF2F006B5697 /* hitGround.wav */,
				B9E2CE2322FBDF2F006B5697 /* whack.wav */,
				B9E2CE2422FBDF2F006B5697 /* flapping.wav */,
				B9E2CE2522FBDF2F006B5697 /* falling.wav */,
				B9E2CE2622FBDF2F006B5697 /* coin.wav */,
				B9E2CE2722FBDF2F006B5697 /* pop.wav */,
				B9E2CE2822FBDF2F006B5697 /* ding.wav */,
			);
			path = Sounds;
			sourceTree = "<group>";
		};
		D01C313A6B5806898267DC51 /* Frameworks */ = {
			isa = PBXGroup;
			children = (
				E031261186D933A33C7C5772 /* Pods_Qulynym.framework */,
				2252C2CF606A04AC8867777C /* Pods_Qulynym_QulynymUITests.framework */,
				3C205908B1F3D009DD896E27 /* Pods_QulynymTests.framework */,
			);
			name = Frameworks;
			sourceTree = "<group>";
		};
		D102930622F1A10600C7B2F2 /* Quiz */ = {
			isa = PBXGroup;
			children = (
				D102931222F1AF1C00C7B2F2 /* QuizConfigurator.swift */,
				D102930B22F1AD4F00C7B2F2 /* View */,
				D102930C22F1AD6200C7B2F2 /* QuizPresenter.swift */,
				D102930E22F1AE0200C7B2F2 /* QuizInteractor.swift */,
				D102931022F1AE1100C7B2F2 /* QuizRouter.swift */,
			);
			path = Quiz;
			sourceTree = "<group>";
		};
		D102930B22F1AD4F00C7B2F2 /* View */ = {
			isa = PBXGroup;
			children = (
				D102930722F1A13500C7B2F2 /* QuizViewController.swift */,
				D102930922F1A14000C7B2F2 /* QuizView.swift */,
			);
			path = View;
			sourceTree = "<group>";
		};
		D105806D235BE3F100082DA3 /* Beine */ = {
			isa = PBXGroup;
			children = (
				D1058075235C0E7F00082DA3 /* BeineViewController.swift */,
				856AADA523E6F93300376A4C /* ConnectionWarningViewController.swift */,
			);
			path = Beine;
			sourceTree = "<group>";
		};
		D10687C822AE68A000A3E6E0 /* Menu  */ = {
			isa = PBXGroup;
			children = (
				D10687C922AE68BC00A3E6E0 /* MenuConfigurator.swift */,
				D10687CB22AE68C000A3E6E0 /* View */,
				D10687D022AE68FA00A3E6E0 /* MenuPresenter.swift */,
				D10687D522AE691B00A3E6E0 /* MenuRouter.swift */,
			);
			path = "Menu ";
			sourceTree = "<group>";
		};
		D10687CB22AE68C000A3E6E0 /* View */ = {
			isa = PBXGroup;
			children = (
				D10687CC22AE68E300A3E6E0 /* MenuViewController.swift */,
				D10687CE22AE68EE00A3E6E0 /* MenuView.swift */,
			);
			path = View;
			sourceTree = "<group>";
		};
		D10729EE22876725003149E8 /* Playlist */ = {
			isa = PBXGroup;
			children = (
				D10729FA22877D3B003149E8 /* PlaylistConfigurator.swift */,
				D10729F1228767AE003149E8 /* View */,
				D10729FC22877D48003149E8 /* PlaylistPresenter.swift */,
				D10729FE22877D5C003149E8 /* PlaylistInteractor.swift */,
				D1072A0022877DD2003149E8 /* PlaylistRouter.swift */,
			);
			path = Playlist;
			sourceTree = "<group>";
		};
		D10729F1228767AE003149E8 /* View */ = {
			isa = PBXGroup;
			children = (
				D10729F622876879003149E8 /* PlaylistView.swift */,
				D10729F4228767D9003149E8 /* PlaylistViewController.swift */,
			);
			path = View;
			sourceTree = "<group>";
		};
		D10729F8228768D0003149E8 /* PlaylistItem  */ = {
			isa = PBXGroup;
			children = (
				D135E2AA22A02FBC00DC84DE /* PlaylistItemConfigurator.swift */,
				D135E2A522A02F8400DC84DE /* View */,
				D1C69D1122F631DD003D0D05 /* PlaylistItemPresenter.swift */,
				D1C69D1322F631E9003D0D05 /* PlaylistItemInteractor.swift */,
				D135E2AE22A02FD900DC84DE /* PlaylistItemRouter.swift */,
			);
			path = "PlaylistItem ";
			sourceTree = "<group>";
		};
		D10729F9228768D9003149E8 /* Drawing */ = {
			isa = PBXGroup;
			children = (
				D1F9ABD422A0456B00989BD3 /* DrawingConfigurator.swift */,
				D1F9ABCF22A0453A00989BD3 /* View */,
				D1F9ABD622A0457900989BD3 /* DrawingPresenter.swift */,
				D1F9ABD822A0458400989BD3 /* DrawingInteractor.swift */,
				D1F9ABDA22A0458C00989BD3 /* DrawingRouter.swift */,
			);
			path = Drawing;
			sourceTree = "<group>";
		};
		D135E2A522A02F8400DC84DE /* View */ = {
			isa = PBXGroup;
			children = (
				D135E2A322A02F7B00DC84DE /* PlaylistItemViewController.swift */,
				D135E2A622A02F9800DC84DE /* PlaylistItemView.swift */,
			);
			path = View;
			sourceTree = "<group>";
		};
		D13D86402217FEDF0048A6E4 = {
			isa = PBXGroup;
			children = (
				D13D864B2217FEDF0048A6E4 /* Qulynym */,
				D13D864A2217FEDF0048A6E4 /* Products */,
				87E877A727894FFFC3518CA5 /* Pods */,
				D01C313A6B5806898267DC51 /* Frameworks */,
			);
			sourceTree = "<group>";
		};
		D13D864A2217FEDF0048A6E4 /* Products */ = {
			isa = PBXGroup;
			children = (
				D13D86492217FEDF0048A6E4 /* Qulynym.app */,
			);
			name = Products;
			sourceTree = "<group>";
		};
		D13D864B2217FEDF0048A6E4 /* Qulynym */ = {
			isa = PBXGroup;
			children = (
				D1BCE09C2302A1D1002EC22A /* Supporting Files */,
				D1D46951222ADED20096B968 /* Modules */,
				D1A29F372280C2E8000CC676 /* Managers */,
				D14D536B2221377C007ACD55 /* Services */,
				D14D536C22213787007ACD55 /* Resources */,
			);
			path = Qulynym;
			sourceTree = "<group>";
		};
		D14D5366222136B9007ACD55 /* Item */ = {
			isa = PBXGroup;
			children = (
				D14D536922213775007ACD55 /* ItemConfigurator.swift */,
				D14D53732221485B007ACD55 /* View */,
				D14D536722213769007ACD55 /* ItemPresenter.swift */,
				D14D536D222137B2007ACD55 /* ItemInteractor.swift */,
				D14D537122214853007ACD55 /* ItemRouter.swift */,
			);
			path = Item;
			sourceTree = "<group>";
		};
		D14D536B2221377C007ACD55 /* Services */ = {
			isa = PBXGroup;
			children = (
				D171887B23E6EF4C006FAB72 /* DataFetchAPI.swift */,
				D14D53742221A294007ACD55 /* ContentService.swift */,
				D13D867D22180E430048A6E4 /* PersistentService.swift */,
			);
			path = Services;
			sourceTree = "<group>";
		};
		D14D536C22213787007ACD55 /* Resources */ = {
			isa = PBXGroup;
			children = (
				D13C1B252310250000A5D8DA /* Qulynym.xcdatamodel */,
				D13D865B2217FEDF0048A6E4 /* Info.plist */,
				D14D53762221B0CE007ACD55 /* Audio */,
				D13D86582217FEDF0048A6E4 /* LaunchScreen.storyboard */,
				D13D86562217FEDF0048A6E4 /* Assets.xcassets */,
			);
			path = Resources;
			sourceTree = "<group>";
		};
		D14D53732221485B007ACD55 /* View */ = {
			isa = PBXGroup;
			children = (
				D14D536F2221380F007ACD55 /* ItemView.swift */,
				D13D864E2217FEDF0048A6E4 /* ItemViewController.swift */,
			);
			path = View;
			sourceTree = "<group>";
		};
		D14D53762221B0CE007ACD55 /* Audio */ = {
			isa = PBXGroup;
			children = (
				85C9331524A25A48000358D5 /* Torgai */,
				D1D8CF4A2326A80100531F3F /* Colors */,
				D1D8CF1C2326A68F00531F3F /* Shapes */,
				D1D8CEF12326A1AA00531F3F /* Plants */,
				D1D8CEBB2326720A00531F3F /* Animals  */,
				D1D8CE292326688100531F3F /* Messages */,
				D15318C72326376D0035EE05 /* Effects */,
				D146AB2E22E77EB2004520DA /* backgroundAudio.mp3 */,
				D18E30BA2325563F00C0E012 /* Stories */,
				D18E30B92325561600C0E012 /* Songs */,
			);
			path = Audio;
			sourceTree = "<group>";
		};
		D15318C72326376D0035EE05 /* Effects */ = {
			isa = PBXGroup;
			children = (
				D1D8CEEF232690AA00531F3F /* wellDone.mp3 */,
				D1D8CEE82326746200531F3F /* tryAgain.mp3 */,
				D15318C82326376D0035EE05 /* bubbles.mp3 */,
				D15318C92326376D0035EE05 /* ending.mp3 */,
				D15318CA2326376D0035EE05 /* bloop.mp3 */,
			);
			path = Effects;
			sourceTree = "<group>";
		};
		D16CE02F22EF4E260057835D /* Torgai */ = {
			isa = PBXGroup;
			children = (
				D1D5BC2123017DB600FB3922 /* Entities */,
				B9E2CE1322FBDF2F006B5697 /* Resources */,
				B916B0CB22FBDCA000AF255A /* GameScene.swift */,
				B916B0CC22FBDCA000AF255A /* GameViewController.swift */,
				B916B09B22FBDC5400AF255A /* Components */,
				B916B08B22FBDC3400AF255A /* GameStates */,
			);
			path = Torgai;
			sourceTree = "<group>";
		};
		D18E30B92325561600C0E012 /* Songs */ = {
			isa = PBXGroup;
			children = (
				D1621EBE235E257400FF2537 /* Asyl áje.mp3 */,
				D1621EBF235E257500FF2537 /* Bіr bala.mp3 */,
				D1621EC0235E257500FF2537 /* Ertegіler álemі.mp3 */,
				D1621EC1235E257500FF2537 /* Sarjaılay'.mp3 */,
				D18E30BB2325566400C0E012 /* Aigo'lek.mp3 */,
				D18E30BC2325566500C0E012 /* Qoshaqanym.mp3 */,
			);
			path = Songs;
			sourceTree = "<group>";
		};
		D18E30BA2325563F00C0E012 /* Stories */ = {
			isa = PBXGroup;
			children = (
				D18E30BF2325566C00C0E012 /* Bauyrsaq Ertegi.mp3 */,
				85CEBBC023EC33DD00B6E2C4 /* G'ajap qus.mp3 */,
				85CEBBBF23EC33DD00B6E2C4 /* Tolag'ai.mp3 */,
			);
			path = Stories;
			sourceTree = "<group>";
		};
		D1A29F372280C2E8000CC676 /* Managers */ = {
			isa = PBXGroup;
			children = (
				D19245162284DC2800ABD1BD /* Timer.swift */,
				D14D53782221B185007ACD55 /* AudioPlayer.swift */,
				D107786A22858CEC00D869D3 /* Animator.swift */,
				D1D5599122A82FED001674A7 /* Emitters.swift */,
			);
			path = Managers;
			sourceTree = "<group>";
		};
		D1BCE09C2302A1D1002EC22A /* Supporting Files */ = {
			isa = PBXGroup;
			children = (
				D13D864C2217FEDF0048A6E4 /* AppDelegate.swift */,
				D19D36E4222BAEEC005188D0 /* Extensions.swift */,
				D1383F8D22AFCD42007815DF /* ImageCollectionViewCell.swift */,
				D19D32E023EF06EC00DC533B /* CustomImageView.swift */,
				B9E2CE1522FBDF2F006B5697 /* SKUtils.swift */,
			);
			path = "Supporting Files";
			sourceTree = "<group>";
		};
		D1D46951222ADED20096B968 /* Modules */ = {
			isa = PBXGroup;
			children = (
				D10687C822AE68A000A3E6E0 /* Menu  */,
				D105806D235BE3F100082DA3 /* Beine */,
				856F348922F87E7B00E97C0C /* Settings */,
				D10729EE22876725003149E8 /* Playlist */,
				D14D5366222136B9007ACD55 /* Item */,
				D102930622F1A10600C7B2F2 /* Quiz */,
				D10729F8228768D0003149E8 /* PlaylistItem  */,
				D10729F9228768D9003149E8 /* Drawing */,
				D16CE02F22EF4E260057835D /* Torgai */,
			);
			path = Modules;
			sourceTree = "<group>";
		};
		D1D5BC2123017DB600FB3922 /* Entities */ = {
			isa = PBXGroup;
			children = (
				D1D5BC2423017E2800FB3922 /* ObstacleEntity.swift */,
				D1D5BC2223017E0300FB3922 /* PlayerEntity.swift */,
			);
			path = Entities;
			sourceTree = "<group>";
		};
		D1D8CE292326688100531F3F /* Messages */ = {
			isa = PBXGroup;
			children = (
				D1D8CE2A2326688100531F3F /* helloMessageAruzhan.mp3 */,
				D1D8CE2B2326688100531F3F /* studyMessageDaulet.mp3 */,
				D1D8CE2C2326688100531F3F /* songsMessage.mp3 */,
				D1D8CE2D2326688100531F3F /* helloMessageDaulet.mp3 */,
				D1D8CE2E2326688100531F3F /* gamesMessage.mp3 */,
				D1D8CE2F2326688100531F3F /* StoriesMessage.mp3 */,
				D1D8CE302326688100531F3F /* studyMessageAruzhan.mp3 */,
			);
			path = Messages;
			sourceTree = "<group>";
		};
		D1D8CEBB2326720A00531F3F /* Animals  */ = {
			isa = PBXGroup;
			children = (
				D1D8CEBC2326720A00531F3F /* Sıyr.mp3 */,
				D1D8CEBD2326720A00531F3F /* Mysyq.mp3 */,
				D1D8CEBE2326720A00531F3F /* U'ki.mp3 */,
				D1D8CEBF2326720A00531F3F /* Tıіn.mp3 */,
				D1D8CEC02326720A00531F3F /* Bu'rkit.mp3 */,
				D1D8CEC12326720A00531F3F /* ZhanuarlarQ.mp3 */,
				D1D8CEC22326720A00531F3F /* Esek.mp3 */,
				D1D8CEC32326720A00531F3F /* Shoshqa.mp3 */,
				D1D8CEC42326720A00531F3F /* Aiy'.mp3 */,
				D1D8CEC52326720A00531F3F /* It.mp3 */,
				D1D8CEC62326720A00531F3F /* Qoıan.mp3 */,
				D1D8CEC72326720A00531F3F /* Qumyrsqa.mp3 */,
				D1D8CEC82326720A00531F3F /* Ko'belek.mp3 */,
				D1D8CEC92326720A00531F3F /* Tu'lki.mp3 */,
				D1D8CECA2326720A00531F3F /* Qasqyr.mp3 */,
				D1D8CECB2326720A00531F3F /* Arystan.mp3 */,
				D1D8CECC2326720A00531F3F /* Qoı.mp3 */,
				D1D8CECD2326720A00531F3F /* At.mp3 */,
				D1D8CECE2326720A00531F3F /* Barys.mp3 */,
				D1D8CECF2326720A00531F3F /* Pil.mp3 */,
				D1D8CED02326720A00531F3F /* Torg'ai.mp3 */,
			);
			path = "Animals ";
			sourceTree = "<group>";
		};
		D1D8CEF12326A1AA00531F3F /* Plants */ = {
			isa = PBXGroup;
			children = (
				D1D8CEF22326A1AA00531F3F /* Almurt aǵashy.mp3 */,
				D1D8CEF32326A1AA00531F3F /* Qaıyn'.mp3 */,
				D1D8CEF42326A1AA00531F3F /* Mu'kjıdek.mp3 */,
				D1D8CEF52326A1AA00531F3F /* Qon'yray'gu'l.mp3 */,
				D1D8CEF62326A1AA00531F3F /* Qyzg'aldaq.mp3 */,
				D1D8CEF72326A1AA00531F3F /* Qarag'aı.mp3 */,
				D1D8CEF82326A1AA00531F3F /* Kakty's.mp3 */,
				D1D8CEF92326A1AA00531F3F /* Tu'ımedaq.mp3 */,
				D1D8CEFA2326A1AA00531F3F /* Ray'shan.mp3 */,
				D1D8CEFB2326A1AA00531F3F /* Sheten.mp3 */,
				D1D8CEFC2326A1AA00531F3F /* Baqbaq.mp3 */,
				D1D8CEFD2326A1AA00531F3F /* Tan'qy'raı.mp3 */,
				D1D8CEFE2326A1AA00531F3F /* Bo'rtegu'l.mp3 */,
				D1D8CEFF2326A1AA00531F3F /* Emen.mp3 */,
				D1D8CF002326A1AA00531F3F /* Alma ag'ashy.mp3 */,
				D1D8CF012326A1AA00531F3F /* Shegіrgu'l.mp3 */,
				D1D8CF022326A1AA00531F3F /* Terek.mp3 */,
				D1D8CF032326A1AA00531F3F /* O'simdikterQ.mp3 */,
				D1D8CF042326A1AA00531F3F /* Ko'kterek.mp3 */,
				D1D8CF052326A1AA00531F3F /* Órіk ag'ashy.mp3 */,
				D1D8CF062326A1AA00531F3F /* Shyrsha.mp3 */,
			);
			path = Plants;
			sourceTree = "<group>";
		};
		D1D8CF1C2326A68F00531F3F /* Shapes */ = {
			isa = PBXGroup;
			children = (
				D1D8CF1D2326A68F00531F3F /* PishinderQ.mp3 */,
				D1D8CF1E2326A68F00531F3F /* Zhuldyz.mp3 */,
				D1D8CF1F2326A68F00531F3F /* U'shburysh.mp3 */,
				D1D8CF202326A68F00531F3F /* Romb.mp3 */,
				D1D8CF212326A68F00531F3F /* Sopaqsha.mp3 */,
				D1D8CF222326A68F00531F3F /* Zhu'rek.mp3 */,
				D1D8CF232326A68F00531F3F /* Sharshy.mp3 */,
				D1D8CF242326A68F00531F3F /* Tikto'rtburysh.mp3 */,
				D1D8CF252326A68F00531F3F /* Shen'ber.mp3 */,
			);
			path = Shapes;
			sourceTree = "<group>";
		};
		D1D8CF4A2326A80100531F3F /* Colors */ = {
			isa = PBXGroup;
			children = (
				D1D8CF4B2326A80100531F3F /* Qon'yr.mp3 */,
				D1D8CF4C2326A80100531F3F /* Ko'gildir.mp3 */,
				D1D8CF4D2326A80100531F3F /* Qyzyl.mp3 */,
				D1D8CF4E2326A80100531F3F /* Jasyl.mp3 */,
				D1D8CF4F2326A80100531F3F /* Sary.mp3 */,
				D1D8CF502326A80100531F3F /* Ko'k.mp3 */,
				D1D8CF512326A80100531F3F /* Qyzg'ylt-sary.mp3 */,
				D1D8CF522326A80100531F3F /* Qyzg'ylt.mp3 */,
				D1D8CF532326A80100531F3F /* Qara.mp3 */,
				D1D8CF542326A80100531F3F /* K'ulgin.mp3 */,
				D1D8CF552326A80100531F3F /* Aq.mp3 */,
				D1D8CF562326A80100531F3F /* Sur.mp3 */,
				D1D8CF572326A80100531F3F /* Tu'sterQ.mp3 */,
			);
			path = Colors;
			sourceTree = "<group>";
		};
		D1F9ABCF22A0453A00989BD3 /* View */ = {
			isa = PBXGroup;
			children = (
				D1F9ABD022A0454600989BD3 /* DrawingViewController.swift */,
				D1F9ABD222A0455A00989BD3 /* DrawingView.swift */,
				D1A7913422F82690005BF325 /* DrawingsCollectionView.swift */,
				D10221DB22ECD2B40081C95E /* CanvasView.swift */,
			);
			path = View;
			sourceTree = "<group>";
		};
/* End PBXGroup section */

/* Begin PBXNativeTarget section */
		D13D86482217FEDF0048A6E4 /* Qulynym */ = {
			isa = PBXNativeTarget;
			buildConfigurationList = D13D86742217FEE00048A6E4 /* Build configuration list for PBXNativeTarget "Qulynym" */;
			buildPhases = (
				5280DE2CFC4746D1E66FE067 /* [CP] Check Pods Manifest.lock */,
				D13D86452217FEDF0048A6E4 /* Sources */,
				D13D86462217FEDF0048A6E4 /* Frameworks */,
				D13D86472217FEDF0048A6E4 /* Resources */,
				4B79A3D9B42E5A2AC31D686F /* [CP] Embed Pods Frameworks */,
				D12ACAB523F158360061EF06 /* Embed Frameworks */,
			);
			buildRules = (
			);
			dependencies = (
			);
			name = Qulynym;
			productName = Kulynym;
			productReference = D13D86492217FEDF0048A6E4 /* Qulynym.app */;
			productType = "com.apple.product-type.application";
		};
/* End PBXNativeTarget section */

/* Begin PBXProject section */
		D13D86412217FEDF0048A6E4 /* Project object */ = {
			isa = PBXProject;
			attributes = {
				LastSwiftUpdateCheck = 1020;
				LastUpgradeCheck = 1010;
				ORGANIZATIONNAME = AXware;
				TargetAttributes = {
					D13D86482217FEDF0048A6E4 = {
						CreatedOnToolsVersion = 10.1;
						LastSwiftMigration = 1020;
					};
				};
			};
			buildConfigurationList = D13D86442217FEDF0048A6E4 /* Build configuration list for PBXProject "Qulynym" */;
			compatibilityVersion = "Xcode 9.3";
			developmentRegion = en;
			hasScannedForEncodings = 0;
			knownRegions = (
				en,
				Base,
			);
			mainGroup = D13D86402217FEDF0048A6E4;
			productRefGroup = D13D864A2217FEDF0048A6E4 /* Products */;
			projectDirPath = "";
			projectRoot = "";
			targets = (
				D13D86482217FEDF0048A6E4 /* Qulynym */,
			);
		};
/* End PBXProject section */

/* Begin PBXResourcesBuildPhase section */
		D13D86472217FEDF0048A6E4 /* Resources */ = {
			isa = PBXResourcesBuildPhase;
			buildActionMask = 2147483647;
			files = (
				D1D8CEDE2326720B00531F3F /* Tu'lki.mp3 in Resources */,
				D1D8CED82326720B00531F3F /* Shoshqa.mp3 in Resources */,
				D1D8CF5F2326A80200531F3F /* Qyzg'ylt.mp3 in Resources */,
				D1D8CE332326688100531F3F /* songsMessage.mp3 in Resources */,
				D1D8CE322326688100531F3F /* studyMessageDaulet.mp3 in Resources */,
				D1D8CF2E2326A68F00531F3F /* Shen'ber.mp3 in Resources */,
				D1D8CF102326A1AA00531F3F /* Sheten.mp3 in Resources */,
				D11A59BE23043F8C00D68CEF /* whack.wav in Resources */,
				D1D8CF282326A68F00531F3F /* U'shburysh.mp3 in Resources */,
				D1D8CF642326A80200531F3F /* Tu'sterQ.mp3 in Resources */,
				D13D865A2217FEDF0048A6E4 /* LaunchScreen.storyboard in Resources */,
				D1D8CEDA2326720B00531F3F /* It.mp3 in Resources */,
				D1D8CE362326688100531F3F /* StoriesMessage.mp3 in Resources */,
				B9E2CE3522FBDF2F006B5697 /* hitGround.wav in Resources */,
				D15318CD2326376D0035EE05 /* bloop.mp3 in Resources */,
				D1D8CF1B2326A1AA00531F3F /* Shyrsha.mp3 in Resources */,
				D1D8CF602326A80200531F3F /* Qara.mp3 in Resources */,
				D1D8CF0C2326A1AA00531F3F /* Qarag'aı.mp3 in Resources */,
				D1D8CF0F2326A1AA00531F3F /* Ray'shan.mp3 in Resources */,
				D1D8CF142326A1AA00531F3F /* Emen.mp3 in Resources */,
				D1D8CEE32326720B00531F3F /* Barys.mp3 in Resources */,
				85CEBBC223EC33DD00B6E2C4 /* G'ajap qus.mp3 in Resources */,
				D1D8CF072326A1AA00531F3F /* Almurt aǵashy.mp3 in Resources */,
				D1D8CED42326720B00531F3F /* Tıіn.mp3 in Resources */,
				D1D8CEE02326720B00531F3F /* Arystan.mp3 in Resources */,
				D1D8CF092326A1AA00531F3F /* Mu'kjıdek.mp3 in Resources */,
				D1D8CF5E2326A80200531F3F /* Qyzg'ylt-sary.mp3 in Resources */,
				D1D8CEE92326746200531F3F /* tryAgain.mp3 in Resources */,
				D1D8CED92326720B00531F3F /* Aiy'.mp3 in Resources */,
				D1D8CEE42326720B00531F3F /* Pil.mp3 in Resources */,
				D18E30BE2325566500C0E012 /* Qoshaqanym.mp3 in Resources */,
				D1D8CF2B2326A68F00531F3F /* Zhu'rek.mp3 in Resources */,
				D1D8CF0E2326A1AA00531F3F /* Tu'ımedaq.mp3 in Resources */,
				B9E2CE3722FBDF2F006B5697 /* flapping.wav in Resources */,
				D1D8CE352326688100531F3F /* gamesMessage.mp3 in Resources */,
				D1D8CF162326A1AA00531F3F /* Shegіrgu'l.mp3 in Resources */,
				D1D8CE342326688100531F3F /* helloMessageDaulet.mp3 in Resources */,
				D1D8CED12326720B00531F3F /* Sıyr.mp3 in Resources */,
				D1621EC4235E257500FF2537 /* Ertegіler álemі.mp3 in Resources */,
				D1D8CE372326688100531F3F /* studyMessageAruzhan.mp3 in Resources */,
				D1D8CF272326A68F00531F3F /* Zhuldyz.mp3 in Resources */,
				D1D8CF5B2326A80200531F3F /* Jasyl.mp3 in Resources */,
				D1D8CE312326688100531F3F /* helloMessageAruzhan.mp3 in Resources */,
				85CEBBC123EC33DD00B6E2C4 /* Tolag'ai.mp3 in Resources */,
				D1D8CF5C2326A80200531F3F /* Sary.mp3 in Resources */,
				D1D8CF172326A1AA00531F3F /* Terek.mp3 in Resources */,
				D1D8CF612326A80200531F3F /* K'ulgin.mp3 in Resources */,
				D1D8CF122326A1AA00531F3F /* Tan'qy'raı.mp3 in Resources */,
				D13D86572217FEDF0048A6E4 /* Assets.xcassets in Resources */,
				B9E2CE3822FBDF2F006B5697 /* falling.wav in Resources */,
				B9E2CE3B22FBDF2F006B5697 /* ding.wav in Resources */,
				D1D8CED32326720B00531F3F /* U'ki.mp3 in Resources */,
				D1D8CED22326720B00531F3F /* Mysyq.mp3 in Resources */,
				D1D8CEDF2326720B00531F3F /* Qasqyr.mp3 in Resources */,
				D1D8CEDD2326720B00531F3F /* Ko'belek.mp3 in Resources */,
				D18E30C02325566C00C0E012 /* Bauyrsaq Ertegi.mp3 in Resources */,
				D1D8CF1A2326A1AA00531F3F /* Órіk ag'ashy.mp3 in Resources */,
				D1D8CF262326A68F00531F3F /* PishinderQ.mp3 in Resources */,
				D1D8CF2C2326A68F00531F3F /* Sharshy.mp3 in Resources */,
				D18E30BD2325566500C0E012 /* Aigo'lek.mp3 in Resources */,
				D1D8CF2A2326A68F00531F3F /* Sopaqsha.mp3 in Resources */,
				D1D8CF0D2326A1AA00531F3F /* Kakty's.mp3 in Resources */,
				D1D8CF2D2326A68F00531F3F /* Tikto'rtburysh.mp3 in Resources */,
				D1D8CED62326720B00531F3F /* ZhanuarlarQ.mp3 in Resources */,
				D1621EC2235E257500FF2537 /* Asyl áje.mp3 in Resources */,
				D1D8CF5A2326A80100531F3F /* Qyzyl.mp3 in Resources */,
				D1D8CEE52326720B00531F3F /* Torg'ai.mp3 in Resources */,
				D1D8CEDB2326720B00531F3F /* Qoıan.mp3 in Resources */,
				D1D8CEDC2326720B00531F3F /* Qumyrsqa.mp3 in Resources */,
				D1D8CF132326A1AA00531F3F /* Bo'rtegu'l.mp3 in Resources */,
				D1D8CF082326A1AA00531F3F /* Qaıyn'.mp3 in Resources */,
				D1D8CF622326A80200531F3F /* Aq.mp3 in Resources */,
				D1D8CF0B2326A1AA00531F3F /* Qyzg'aldaq.mp3 in Resources */,
				D1D8CF582326A80100531F3F /* Qon'yr.mp3 in Resources */,
				D1D8CF632326A80200531F3F /* Sur.mp3 in Resources */,
				D1D8CF192326A1AA00531F3F /* Ko'kterek.mp3 in Resources */,
				D1D8CEE12326720B00531F3F /* Qoı.mp3 in Resources */,
				D1D8CF592326A80100531F3F /* Ko'gildir.mp3 in Resources */,
				D15318CB2326376D0035EE05 /* bubbles.mp3 in Resources */,
				B9E2CE3922FBDF2F006B5697 /* coin.wav in Resources */,
				D1D8CF112326A1AA00531F3F /* Baqbaq.mp3 in Resources */,
				D1D8CF0A2326A1AA00531F3F /* Qon'yray'gu'l.mp3 in Resources */,
				D1D8CF152326A1AA00531F3F /* Alma ag'ashy.mp3 in Resources */,
				D1D8CF5D2326A80200531F3F /* Ko'k.mp3 in Resources */,
				D1D8CF292326A68F00531F3F /* Romb.mp3 in Resources */,
				D1621EC5235E257500FF2537 /* Sarjaılay'.mp3 in Resources */,
				D1D8CEE22326720B00531F3F /* At.mp3 in Resources */,
				D1D8CED72326720B00531F3F /* Esek.mp3 in Resources */,
				D1621EC3235E257500FF2537 /* Bіr bala.mp3 in Resources */,
				D15318CC2326376D0035EE05 /* ending.mp3 in Resources */,
				D146AB2F22E77EB2004520DA /* backgroundAudio.mp3 in Resources */,
				D1D8CED52326720B00531F3F /* Bu'rkit.mp3 in Resources */,
				D1D8CF182326A1AA00531F3F /* O'simdikterQ.mp3 in Resources */,
				D1D8CEF0232690AA00531F3F /* wellDone.mp3 in Resources */,
			);
			runOnlyForDeploymentPostprocessing = 0;
		};
/* End PBXResourcesBuildPhase section */

/* Begin PBXShellScriptBuildPhase section */
		4B79A3D9B42E5A2AC31D686F /* [CP] Embed Pods Frameworks */ = {
			isa = PBXShellScriptBuildPhase;
			buildActionMask = 2147483647;
			files = (
			);
			inputFileListPaths = (
				"${PODS_ROOT}/Target Support Files/Pods-Qulynym/Pods-Qulynym-frameworks-${CONFIGURATION}-input-files.xcfilelist",
			);
			name = "[CP] Embed Pods Frameworks";
			outputFileListPaths = (
				"${PODS_ROOT}/Target Support Files/Pods-Qulynym/Pods-Qulynym-frameworks-${CONFIGURATION}-output-files.xcfilelist",
			);
			runOnlyForDeploymentPostprocessing = 0;
			shellPath = /bin/sh;
			shellScript = "\"${PODS_ROOT}/Target Support Files/Pods-Qulynym/Pods-Qulynym-frameworks.sh\"\n";
			showEnvVarsInLog = 0;
		};
		5280DE2CFC4746D1E66FE067 /* [CP] Check Pods Manifest.lock */ = {
			isa = PBXShellScriptBuildPhase;
			buildActionMask = 2147483647;
			files = (
			);
			inputFileListPaths = (
			);
			inputPaths = (
				"${PODS_PODFILE_DIR_PATH}/Podfile.lock",
				"${PODS_ROOT}/Manifest.lock",
			);
			name = "[CP] Check Pods Manifest.lock";
			outputFileListPaths = (
			);
			outputPaths = (
				"$(DERIVED_FILE_DIR)/Pods-Qulynym-checkManifestLockResult.txt",
			);
			runOnlyForDeploymentPostprocessing = 0;
			shellPath = /bin/sh;
			shellScript = "diff \"${PODS_PODFILE_DIR_PATH}/Podfile.lock\" \"${PODS_ROOT}/Manifest.lock\" > /dev/null\nif [ $? != 0 ] ; then\n    # print error to STDERR\n    echo \"error: The sandbox is not in sync with the Podfile.lock. Run 'pod install' or update your CocoaPods installation.\" >&2\n    exit 1\nfi\n# This output is used by Xcode 'outputs' to avoid re-running this script phase.\necho \"SUCCESS\" > \"${SCRIPT_OUTPUT_FILE_0}\"\n";
			showEnvVarsInLog = 0;
		};
/* End PBXShellScriptBuildPhase section */

/* Begin PBXSourcesBuildPhase section */
		D13D86452217FEDF0048A6E4 /* Sources */ = {
			isa = PBXSourcesBuildPhase;
			buildActionMask = 2147483647;
			files = (
				D1A7913522F82690005BF325 /* DrawingsCollectionView.swift in Sources */,
				D19D32E123EF06EC00DC533B /* CustomImageView.swift in Sources */,
				B916B09322FBDC3400AF255A /* MainMenuState.swift in Sources */,
				D135E2A722A02F9800DC84DE /* PlaylistItemView.swift in Sources */,
				D1D5BC2523017E2800FB3922 /* ObstacleEntity.swift in Sources */,
				D135E2AF22A02FD900DC84DE /* PlaylistItemRouter.swift in Sources */,
				D1F9ABD522A0456B00989BD3 /* DrawingConfigurator.swift in Sources */,
				D1072A0122877DD2003149E8 /* PlaylistRouter.swift in Sources */,
				856F349122F87F1800E97C0C /* SettingsRouter.swift in Sources */,
				D135E2AB22A02FBC00DC84DE /* PlaylistItemConfigurator.swift in Sources */,
				B9E2CE2922FBDF2F006B5697 /* SKUtils.swift in Sources */,
				856F348B22F87EDD00E97C0C /* SettingsConfigurator.swift in Sources */,
				B916B09522FBDC3400AF255A /* PlayingState.swift in Sources */,
				856F349622F87F8900E97C0C /* SettingsView.swift in Sources */,
				856F348D22F87EF100E97C0C /* SettingsPresenter.swift in Sources */,
				D14D53752221A294007ACD55 /* ContentService.swift in Sources */,
				B916B09222FBDC3400AF255A /* TutorialState.swift in Sources */,
				D13D867E22180E430048A6E4 /* PersistentService.swift in Sources */,
				D10687D122AE68FA00A3E6E0 /* MenuPresenter.swift in Sources */,
				D14D536A22213775007ACD55 /* ItemConfigurator.swift in Sources */,
				D10687CF22AE68EE00A3E6E0 /* MenuView.swift in Sources */,
				856F349422F87F5800E97C0C /* SettingsViewController.swift in Sources */,
				B916B0A122FBDC5400AF255A /* MovementComponent.swift in Sources */,
				D102930822F1A13500C7B2F2 /* QuizViewController.swift in Sources */,
				D13D864F2217FEDF0048A6E4 /* ItemViewController.swift in Sources */,
				D171887C23E6EF4C006FAB72 /* DataFetchAPI.swift in Sources */,
				D14D537222214853007ACD55 /* ItemRouter.swift in Sources */,
				D1F9ABD122A0454600989BD3 /* DrawingViewController.swift in Sources */,
				D1F9ABD722A0457900989BD3 /* DrawingPresenter.swift in Sources */,
				D13D864D2217FEDF0048A6E4 /* AppDelegate.swift in Sources */,
				D10687CD22AE68E300A3E6E0 /* MenuViewController.swift in Sources */,
				D10687CA22AE68BC00A3E6E0 /* MenuConfigurator.swift in Sources */,
				D10687D622AE691B00A3E6E0 /* MenuRouter.swift in Sources */,
				D13C1B262310250000A5D8DA /* Qulynym.xcdatamodel in Sources */,
				D102930D22F1AD6200C7B2F2 /* QuizPresenter.swift in Sources */,
				D10729F5228767D9003149E8 /* PlaylistViewController.swift in Sources */,
				D1F9ABD922A0458400989BD3 /* DrawingInteractor.swift in Sources */,
				D14D536822213769007ACD55 /* ItemPresenter.swift in Sources */,
				D10729FB22877D3B003149E8 /* PlaylistConfigurator.swift in Sources */,
				D10729FD22877D48003149E8 /* PlaylistPresenter.swift in Sources */,
				D102930A22F1A14000C7B2F2 /* QuizView.swift in Sources */,
				D102931322F1AF1C00C7B2F2 /* QuizConfigurator.swift in Sources */,
				D1F9ABD322A0455A00989BD3 /* DrawingView.swift in Sources */,
				B916B09F22FBDC5400AF255A /* SpriteComponent.swift in Sources */,
				D107786B22858CEC00D869D3 /* Animator.swift in Sources */,
				D19D36E5222BAEEC005188D0 /* Extensions.swift in Sources */,
				B916B09422FBDC3400AF255A /* FallingState.swift in Sources */,
				D1D5599222A82FED001674A7 /* Emitters.swift in Sources */,
				D1C69D1222F631DD003D0D05 /* PlaylistItemPresenter.swift in Sources */,
				D102930F22F1AE0200C7B2F2 /* QuizInteractor.swift in Sources */,
				D1F9ABDB22A0458C00989BD3 /* DrawingRouter.swift in Sources */,
				D14D536E222137B2007ACD55 /* ItemInteractor.swift in Sources */,
				D1D5BC2323017E0300FB3922 /* PlayerEntity.swift in Sources */,
				B916B0CE22FBDCA000AF255A /* GameViewController.swift in Sources */,
				D10729FF22877D5C003149E8 /* PlaylistInteractor.swift in Sources */,
				D135E2A422A02F7B00DC84DE /* PlaylistItemViewController.swift in Sources */,
				D1058076235C0E7F00082DA3 /* BeineViewController.swift in Sources */,
				856AADA623E6F93300376A4C /* ConnectionWarningViewController.swift in Sources */,
				D102931122F1AE1100C7B2F2 /* QuizRouter.swift in Sources */,
				D10221DC22ECD2B40081C95E /* CanvasView.swift in Sources */,
				8528917622F9A22600A7CEA7 /* TextViewController.swift in Sources */,
				B916B0A022FBDC5400AF255A /* AnimationComponent.swift in Sources */,
				D14D53792221B185007ACD55 /* AudioPlayer.swift in Sources */,
				D1C69D1422F631E9003D0D05 /* PlaylistItemInteractor.swift in Sources */,
				D10729F722876879003149E8 /* PlaylistView.swift in Sources */,
				B916B0CD22FBDCA000AF255A /* GameScene.swift in Sources */,
				B916B09122FBDC3400AF255A /* GameOverState.swift in Sources */,
				D19245172284DC2800ABD1BD /* Timer.swift in Sources */,
				D14D53702221380F007ACD55 /* ItemView.swift in Sources */,
				D1383F8E22AFCD42007815DF /* ImageCollectionViewCell.swift in Sources */,
				856F348F22F87F0400E97C0C /* SettingsInteractor.swift in Sources */,
			);
			runOnlyForDeploymentPostprocessing = 0;
		};
/* End PBXSourcesBuildPhase section */

/* Begin PBXVariantGroup section */
		D13D86582217FEDF0048A6E4 /* LaunchScreen.storyboard */ = {
			isa = PBXVariantGroup;
			children = (
				D13D86592217FEDF0048A6E4 /* Base */,
			);
			name = LaunchScreen.storyboard;
			sourceTree = "<group>";
		};
/* End PBXVariantGroup section */

/* Begin XCBuildConfiguration section */
		D13D86722217FEE00048A6E4 /* Debug */ = {
			isa = XCBuildConfiguration;
			buildSettings = {
				ALWAYS_SEARCH_USER_PATHS = NO;
				CLANG_ANALYZER_NONNULL = YES;
				CLANG_ANALYZER_NUMBER_OBJECT_CONVERSION = YES_AGGRESSIVE;
				CLANG_CXX_LANGUAGE_STANDARD = "gnu++14";
				CLANG_CXX_LIBRARY = "libc++";
				CLANG_ENABLE_MODULES = YES;
				CLANG_ENABLE_OBJC_ARC = YES;
				CLANG_ENABLE_OBJC_WEAK = YES;
				CLANG_WARN_BLOCK_CAPTURE_AUTORELEASING = YES;
				CLANG_WARN_BOOL_CONVERSION = YES;
				CLANG_WARN_COMMA = YES;
				CLANG_WARN_CONSTANT_CONVERSION = YES;
				CLANG_WARN_DEPRECATED_OBJC_IMPLEMENTATIONS = YES;
				CLANG_WARN_DIRECT_OBJC_ISA_USAGE = YES_ERROR;
				CLANG_WARN_DOCUMENTATION_COMMENTS = YES;
				CLANG_WARN_EMPTY_BODY = YES;
				CLANG_WARN_ENUM_CONVERSION = YES;
				CLANG_WARN_INFINITE_RECURSION = YES;
				CLANG_WARN_INT_CONVERSION = YES;
				CLANG_WARN_NON_LITERAL_NULL_CONVERSION = YES;
				CLANG_WARN_OBJC_IMPLICIT_RETAIN_SELF = YES;
				CLANG_WARN_OBJC_LITERAL_CONVERSION = YES;
				CLANG_WARN_OBJC_ROOT_CLASS = YES_ERROR;
				CLANG_WARN_RANGE_LOOP_ANALYSIS = YES;
				CLANG_WARN_STRICT_PROTOTYPES = YES;
				CLANG_WARN_SUSPICIOUS_MOVE = YES;
				CLANG_WARN_UNGUARDED_AVAILABILITY = YES_AGGRESSIVE;
				CLANG_WARN_UNREACHABLE_CODE = YES;
				CLANG_WARN__DUPLICATE_METHOD_MATCH = YES;
				CODE_SIGN_IDENTITY = "iPhone Developer";
				COPY_PHASE_STRIP = NO;
				DEBUG_INFORMATION_FORMAT = dwarf;
				ENABLE_STRICT_OBJC_MSGSEND = YES;
				ENABLE_TESTABILITY = YES;
				GCC_C_LANGUAGE_STANDARD = gnu11;
				GCC_DYNAMIC_NO_PIC = NO;
				GCC_NO_COMMON_BLOCKS = YES;
				GCC_OPTIMIZATION_LEVEL = 0;
				GCC_PREPROCESSOR_DEFINITIONS = (
					"DEBUG=1",
					"$(inherited)",
				);
				GCC_WARN_64_TO_32_BIT_CONVERSION = YES;
				GCC_WARN_ABOUT_RETURN_TYPE = YES_ERROR;
				GCC_WARN_UNDECLARED_SELECTOR = YES;
				GCC_WARN_UNINITIALIZED_AUTOS = YES_AGGRESSIVE;
				GCC_WARN_UNUSED_FUNCTION = YES;
				GCC_WARN_UNUSED_VARIABLE = YES;
				IPHONEOS_DEPLOYMENT_TARGET = 12.1;
				MTL_ENABLE_DEBUG_INFO = INCLUDE_SOURCE;
				MTL_FAST_MATH = YES;
				ONLY_ACTIVE_ARCH = YES;
				SDKROOT = iphoneos;
				SWIFT_ACTIVE_COMPILATION_CONDITIONS = DEBUG;
				SWIFT_OPTIMIZATION_LEVEL = "-Onone";
			};
			name = Debug;
		};
		D13D86732217FEE00048A6E4 /* Release */ = {
			isa = XCBuildConfiguration;
			buildSettings = {
				ALWAYS_SEARCH_USER_PATHS = NO;
				CLANG_ANALYZER_NONNULL = YES;
				CLANG_ANALYZER_NUMBER_OBJECT_CONVERSION = YES_AGGRESSIVE;
				CLANG_CXX_LANGUAGE_STANDARD = "gnu++14";
				CLANG_CXX_LIBRARY = "libc++";
				CLANG_ENABLE_MODULES = YES;
				CLANG_ENABLE_OBJC_ARC = YES;
				CLANG_ENABLE_OBJC_WEAK = YES;
				CLANG_WARN_BLOCK_CAPTURE_AUTORELEASING = YES;
				CLANG_WARN_BOOL_CONVERSION = YES;
				CLANG_WARN_COMMA = YES;
				CLANG_WARN_CONSTANT_CONVERSION = YES;
				CLANG_WARN_DEPRECATED_OBJC_IMPLEMENTATIONS = YES;
				CLANG_WARN_DIRECT_OBJC_ISA_USAGE = YES_ERROR;
				CLANG_WARN_DOCUMENTATION_COMMENTS = YES;
				CLANG_WARN_EMPTY_BODY = YES;
				CLANG_WARN_ENUM_CONVERSION = YES;
				CLANG_WARN_INFINITE_RECURSION = YES;
				CLANG_WARN_INT_CONVERSION = YES;
				CLANG_WARN_NON_LITERAL_NULL_CONVERSION = YES;
				CLANG_WARN_OBJC_IMPLICIT_RETAIN_SELF = YES;
				CLANG_WARN_OBJC_LITERAL_CONVERSION = YES;
				CLANG_WARN_OBJC_ROOT_CLASS = YES_ERROR;
				CLANG_WARN_RANGE_LOOP_ANALYSIS = YES;
				CLANG_WARN_STRICT_PROTOTYPES = YES;
				CLANG_WARN_SUSPICIOUS_MOVE = YES;
				CLANG_WARN_UNGUARDED_AVAILABILITY = YES_AGGRESSIVE;
				CLANG_WARN_UNREACHABLE_CODE = YES;
				CLANG_WARN__DUPLICATE_METHOD_MATCH = YES;
				CODE_SIGN_IDENTITY = "iPhone Developer";
				COPY_PHASE_STRIP = NO;
				DEBUG_INFORMATION_FORMAT = "dwarf-with-dsym";
				ENABLE_NS_ASSERTIONS = NO;
				ENABLE_STRICT_OBJC_MSGSEND = YES;
				GCC_C_LANGUAGE_STANDARD = gnu11;
				GCC_NO_COMMON_BLOCKS = YES;
				GCC_WARN_64_TO_32_BIT_CONVERSION = YES;
				GCC_WARN_ABOUT_RETURN_TYPE = YES_ERROR;
				GCC_WARN_UNDECLARED_SELECTOR = YES;
				GCC_WARN_UNINITIALIZED_AUTOS = YES_AGGRESSIVE;
				GCC_WARN_UNUSED_FUNCTION = YES;
				GCC_WARN_UNUSED_VARIABLE = YES;
				IPHONEOS_DEPLOYMENT_TARGET = 12.1;
				MTL_ENABLE_DEBUG_INFO = NO;
				MTL_FAST_MATH = YES;
				SDKROOT = iphoneos;
				SWIFT_COMPILATION_MODE = wholemodule;
				SWIFT_OPTIMIZATION_LEVEL = "-O";
				VALIDATE_PRODUCT = YES;
			};
			name = Release;
		};
		D13D86752217FEE00048A6E4 /* Debug */ = {
			isa = XCBuildConfiguration;
			baseConfigurationReference = 1D4E9BEED70DC17F8A889EB8 /* Pods-Qulynym.debug.xcconfig */;
			buildSettings = {
				ASSETCATALOG_COMPILER_APPICON_NAME = AppIcon;
				CODE_SIGN_STYLE = Automatic;
				DEVELOPMENT_TEAM = XCJQAJBY89;
				INFOPLIST_FILE = "$(SRCROOT)/Qulynym/Resources/Info.plist";
				LD_RUNPATH_SEARCH_PATHS = (
					"$(inherited)",
					"@executable_path/Frameworks",
				);
				PRODUCT_BUNDLE_IDENTIFIER = com.BaubekZh.Qulynym;
				PRODUCT_NAME = "$(TARGET_NAME)";
				SWIFT_VERSION = 5.0;
				TARGETED_DEVICE_FAMILY = "1,2";
			};
			name = Debug;
		};
		D13D86762217FEE00048A6E4 /* Release */ = {
			isa = XCBuildConfiguration;
			baseConfigurationReference = A60B3FFC7A9900BB4BF332C1 /* Pods-Qulynym.release.xcconfig */;
			buildSettings = {
				ASSETCATALOG_COMPILER_APPICON_NAME = AppIcon;
				CODE_SIGN_STYLE = Automatic;
				DEVELOPMENT_TEAM = XCJQAJBY89;
				INFOPLIST_FILE = "$(SRCROOT)/Qulynym/Resources/Info.plist";
				LD_RUNPATH_SEARCH_PATHS = (
					"$(inherited)",
					"@executable_path/Frameworks",
				);
				PRODUCT_BUNDLE_IDENTIFIER = com.BaubekZh.Qulynym;
				PRODUCT_NAME = "$(TARGET_NAME)";
				SWIFT_VERSION = 5.0;
				TARGETED_DEVICE_FAMILY = "1,2";
			};
			name = Release;
		};
/* End XCBuildConfiguration section */

/* Begin XCConfigurationList section */
		D13D86442217FEDF0048A6E4 /* Build configuration list for PBXProject "Qulynym" */ = {
			isa = XCConfigurationList;
			buildConfigurations = (
				D13D86722217FEE00048A6E4 /* Debug */,
				D13D86732217FEE00048A6E4 /* Release */,
			);
			defaultConfigurationIsVisible = 0;
			defaultConfigurationName = Release;
		};
		D13D86742217FEE00048A6E4 /* Build configuration list for PBXNativeTarget "Qulynym" */ = {
			isa = XCConfigurationList;
			buildConfigurations = (
				D13D86752217FEE00048A6E4 /* Debug */,
				D13D86762217FEE00048A6E4 /* Release */,
			);
			defaultConfigurationIsVisible = 0;
			defaultConfigurationName = Release;
		};
/* End XCConfigurationList section */
	};
	rootObject = D13D86412217FEDF0048A6E4 /* Project object */;
}
